
Microsoft Visual Studio Solution File, Format Version 9.00
# Visual Studio 2005
Project("{8BC9CEB8-8B4A-11D0-8D11-00A0C91BC942}") = "ClipBook ServerEx", "ClipBook ServerEx.vcproj", "{6573EA4C-CB2D-496A-ADC4-97F053C9C179}"
EndProject
Global
	GlobalSection(SolutionConfigurationPlatforms) = preSolution
		Debug|Win32 = Debug|Win32
		Release|Win32 = Release|Win32
	EndGlobalSection
	GlobalSection(ProjectConfigurationPlatforms) = postSolution
		{6573EA4C-CB2D-496A-ADC4-97F053C9C179}.Debug|Win32.ActiveCfg = Debug|Win32
		{6573EA4C-CB2D-496A-ADC4-97F053C9C179}.Debug|Win32.Build.0 = Debug|Win32
		{6573EA4C-CB2D-496A-ADC4-97F053C9C179}.Release|Win32.ActiveCfg = Release|Win32
		{6573EA4C-CB2D-496A-ADC4-97F053C9C179}.Release|Win32.Build.0 = Release|Win32
	EndGlobalSection
	GlobalSection(SolutionProperties) = preSolution
		HideSolutionNode = FALSE
	EndGlobalSection
EndGlobal
