
Microsoft Visual Studio Solution File, Format Version 9.00
# Visual Studio 2005
Project("{8BC9CEB8-8B4A-11D0-8D11-00A0C91BC942}") = "consumer", "consumer.vcproj", "{9E35D0DE-79D3-45F5-852C-E1F14A9A5692}"
EndProject
Global
	GlobalSection(SolutionConfigurationPlatforms) = preSolution
		Debug|Win32 = Debug|Win32
		Release|Win32 = Release|Win32
	EndGlobalSection
	GlobalSection(ProjectConfigurationPlatforms) = postSolution
		{9E35D0DE-79D3-45F5-852C-E1F14A9A5692}.Debug|Win32.ActiveCfg = Debug|Win32
		{9E35D0DE-79D3-45F5-852C-E1F14A9A5692}.Debug|Win32.Build.0 = Debug|Win32
		{9E35D0DE-79D3-45F5-852C-E1F14A9A5692}.Release|Win32.ActiveCfg = Release|Win32
		{9E35D0DE-79D3-45F5-852C-E1F14A9A5692}.Release|Win32.Build.0 = Release|Win32
	EndGlobalSection
	GlobalSection(SolutionProperties) = preSolution
		HideSolutionNode = FALSE
	EndGlobalSection
EndGlobal
