Microsoft Visual Studio Solution File, Format Version 9.00
# Visual Studio 2005
Project("{8BC9CEB8-8B4A-11D0-8D11-00A0C91BC942}") = "WMVNetWrite", "WMVNetWrite.vcproj", "{A9219446-13EC-4D92-B9D4-1DCA783E07FE}"
EndProject
Global
	GlobalSection(SolutionConfigurationPlatforms) = preSolution
		Debug|Win32 = Debug|Win32
		Release|Win32 = Release|Win32
	EndGlobalSection
	GlobalSection(ProjectConfigurationPlatforms) = postSolution
		{A9219446-13EC-4D92-B9D4-1DCA783E07FE}.Debug|Win32.ActiveCfg = Debug|Win32
		{A9219446-13EC-4D92-B9D4-1DCA783E07FE}.Debug|Win32.Build.0 = Debug|Win32
		{A9219446-13EC-4D92-B9D4-1DCA783E07FE}.Release|Win32.ActiveCfg = Release|Win32
		{A9219446-13EC-4D92-B9D4-1DCA783E07FE}.Release|Win32.Build.0 = Release|Win32
	EndGlobalSection
	GlobalSection(SolutionProperties) = preSolution
		HideSolutionNode = FALSE
	EndGlobalSection
EndGlobal
