
Microsoft Visual Studio Solution File, Format Version 9.00
# Visual Studio 2005
Project("{FAE04EC0-301F-11D3-BF4B-00C04F79EFBC}") = "ExtensionToSnapInSample", "ExtensionToSnapInSample.csproj", "{816E9571-9769-4E48-BA3F-A817F873C784}"
EndProject
Global
	GlobalSection(SolutionConfigurationPlatforms) = preSolution
		Debug|Any CPU = Debug|Any CPU
		Release|Any CPU = Release|Any CPU
	EndGlobalSection
	GlobalSection(ProjectConfigurationPlatforms) = postSolution
		{816E9571-9769-4E48-BA3F-A817F873C784}.Debug|Any CPU.ActiveCfg = Debug|Any CPU
		{816E9571-9769-4E48-BA3F-A817F873C784}.Debug|Any CPU.Build.0 = Debug|Any CPU
		{816E9571-9769-4E48-BA3F-A817F873C784}.Release|Any CPU.ActiveCfg = Release|Any CPU
		{816E9571-9769-4E48-BA3F-A817F873C784}.Release|Any CPU.Build.0 = Release|Any CPU
	EndGlobalSection
	GlobalSection(SolutionProperties) = preSolution
		HideSolutionNode = FALSE
	EndGlobalSection
EndGlobal
