
Microsoft Visual Studio Solution File, Format Version 12.00
# Visual Studio 15
VisualStudioVersion = 15.0.27428.1
MinimumVisualStudioVersion = 10.0.40219.1
Project("{8BC9CEB8-8B4A-11D0-8D11-00A0C91BC942}") = "AmsiProvider", "AmsiProvider.vcxproj", "{58B32FCA-F385-4500-9A8E-7CBA1FC9BA13}"
EndProject
Global
	GlobalSection(SolutionConfigurationPlatforms) = preSolution
		Debug|x64 = Debug|x64
		Debug|x86 = Debug|x86
		Release|x64 = Release|x64
		Release|x86 = Release|x86
	EndGlobalSection
	GlobalSection(ProjectConfigurationPlatforms) = postSolution
		{58B32FCA-F385-4500-9A8E-7CBA1FC9BA13}.Debug|x64.ActiveCfg = Debug|x64
		{58B32FCA-F385-4500-9A8E-7CBA1FC9BA13}.Debug|x64.Build.0 = Debug|x64
		{58B32FCA-F385-4500-9A8E-7CBA1FC9BA13}.Debug|x86.ActiveCfg = Debug|Win32
		{58B32FCA-F385-4500-9A8E-7CBA1FC9BA13}.Debug|x86.Build.0 = Debug|Win32
		{58B32FCA-F385-4500-9A8E-7CBA1FC9BA13}.Release|x64.ActiveCfg = Release|x64
		{58B32FCA-F385-4500-9A8E-7CBA1FC9BA13}.Release|x64.Build.0 = Release|x64
		{58B32FCA-F385-4500-9A8E-7CBA1FC9BA13}.Release|x86.ActiveCfg = Release|Win32
		{58B32FCA-F385-4500-9A8E-7CBA1FC9BA13}.Release|x86.Build.0 = Release|Win32
	EndGlobalSection
	GlobalSection(SolutionProperties) = preSolution
		HideSolutionNode = FALSE
	EndGlobalSection
	GlobalSection(ExtensibilityGlobals) = postSolution
		SolutionGuid = {5C5A6A8C-50D7-4CDD-AD3E-AC2F73128E3C}
	EndGlobalSection
EndGlobal
