Microsoft Visual Studio Solution File, Format Version 9.00
# Visual Studio 2005
Project("{FAE04EC0-301F-11D3-BF4B-00C04F79EFBC}") = "Serialization", "Serialization.csproj", "{5FFAAE2A-0CD3-467C-BEC3-4E8A97085B8D}"
EndProject
Global
	GlobalSection(SolutionConfigurationPlatforms) = preSolution
		Debug|Any CPU = Debug|Any CPU
		Release|Any CPU = Release|Any CPU
	EndGlobalSection
	GlobalSection(ProjectConfigurationPlatforms) = postSolution
		{5FFAAE2A-0CD3-467C-BEC3-4E8A97085B8D}.Debug|Any CPU.ActiveCfg = Debug|Any CPU
		{5FFAAE2A-0CD3-467C-BEC3-4E8A97085B8D}.Debug|Any CPU.Build.0 = Debug|Any CPU
		{5FFAAE2A-0CD3-467C-BEC3-4E8A97085B8D}.Release|Any CPU.ActiveCfg = Release|Any CPU
		{5FFAAE2A-0CD3-467C-BEC3-4E8A97085B8D}.Release|Any CPU.Build.0 = Release|Any CPU
	EndGlobalSection
	GlobalSection(SolutionProperties) = preSolution
		HideSolutionNode = FALSE
	EndGlobalSection
EndGlobal
