
Microsoft Visual Studio Solution File, Format Version 11.00
# Visual Studio 2012
Project("{FAE04EC0-301F-11D3-BF4B-00C04F79EFBC}") = "Runspace01", "Runspace01.csproj", "{09544904-09D8-4349-9C9F-5AA74859524D}"
EndProject
Global
	GlobalSection(SolutionConfigurationPlatforms) = preSolution
		Debug|Any CPU = Debug|Any CPU
		Release|Any CPU = Release|Any CPU
	EndGlobalSection
	GlobalSection(ProjectConfigurationPlatforms) = postSolution
		{09544904-09D8-4349-9C9F-5AA74859524D}.Debug|Any CPU.ActiveCfg = Debug|Any CPU
		{09544904-09D8-4349-9C9F-5AA74859524D}.Debug|Any CPU.Build.0 = Debug|Any CPU
		{09544904-09D8-4349-9C9F-5AA74859524D}.Release|Any CPU.ActiveCfg = Release|Any CPU
		{09544904-09D8-4349-9C9F-5AA74859524D}.Release|Any CPU.Build.0 = Release|Any CPU
	EndGlobalSection
	GlobalSection(SolutionProperties) = preSolution
		HideSolutionNode = FALSE
	EndGlobalSection
EndGlobal
