
Microsoft Visual Studio Solution File, Format Version 9.00
# Visual Studio 2005
Project("{8BC9CEB8-8B4A-11D0-8D11-00A0C91BC942}") = "TextService-Step05", "TextService-Step05.vcproj", "{91108B61-3C53-48B6-9410-589FDBB9FB33}"
EndProject
Global
	GlobalSection(SolutionConfigurationPlatforms) = preSolution
		Debug|Win32 = Debug|Win32
		Release|Win32 = Release|Win32
	EndGlobalSection
	GlobalSection(ProjectConfigurationPlatforms) = postSolution
		{91108B61-3C53-48B6-9410-589FDBB9FB33}.Debug|Win32.ActiveCfg = Debug|Win32
		{91108B61-3C53-48B6-9410-589FDBB9FB33}.Debug|Win32.Build.0 = Debug|Win32
		{91108B61-3C53-48B6-9410-589FDBB9FB33}.Release|Win32.ActiveCfg = Release|Win32
		{91108B61-3C53-48B6-9410-589FDBB9FB33}.Release|Win32.Build.0 = Release|Win32
	EndGlobalSection
	GlobalSection(SolutionProperties) = preSolution
		HideSolutionNode = FALSE
	EndGlobalSection
EndGlobal
