
Microsoft Visual Studio Solution File, Format Version 10.00
# Visual Studio 2008
Project("{8BC9CEB8-8B4A-11D0-8D11-00A0C91BC942}") = "KnownFolders", "KnownFolders.vcproj", "{37AC5DF9-1FBF-46F2-89DB-E22974AC7046}"
EndProject
Global
	GlobalSection(SolutionConfigurationPlatforms) = preSolution
		Debug|Win32 = Debug|Win32
		Debug|x64 = Debug|x64
		Release|Win32 = Release|Win32
		Release|x64 = Release|x64
	EndGlobalSection
	GlobalSection(ProjectConfigurationPlatforms) = postSolution
		{37AC5DF9-1FBF-46F2-89DB-E22974AC7046}.Debug|Win32.Build.0 = Debug|Win32
		{37AC5DF9-1FBF-46F2-89DB-E22974AC7046}.Debug|x64.Build.0 = Debug|x64
		{37AC5DF9-1FBF-46F2-89DB-E22974AC7046}.Release|Win32.Build.0 = Release|Win32
		{37AC5DF9-1FBF-46F2-89DB-E22974AC7046}.Release|x64.Build.0 = Release|x64
	EndGlobalSection
	GlobalSection(SolutionProperties) = preSolution
		HideSolutionNode = FALSE
	EndGlobalSection
EndGlobal
