
Microsoft Visual Studio Solution File, Format Version 9.00
# Visual Studio 2005
Project("{8BC9CEB8-8B4A-11D0-8D11-00A0C91BC942}") = "rcvall", "rcvall.vcproj", "{F3F427E5-A17D-4B6D-B893-0FB1D127976B}"
EndProject
Global
	GlobalSection(SolutionConfigurationPlatforms) = preSolution
		Debug|Win32 = Debug|Win32
		Release|Win32 = Release|Win32
	EndGlobalSection
	GlobalSection(ProjectConfigurationPlatforms) = postSolution
		{F3F427E5-A17D-4B6D-B893-0FB1D127976B}.Debug|Win32.ActiveCfg = Debug|Win32
		{F3F427E5-A17D-4B6D-B893-0FB1D127976B}.Debug|Win32.Build.0 = Debug|Win32
		{F3F427E5-A17D-4B6D-B893-0FB1D127976B}.Release|Win32.ActiveCfg = Release|Win32
		{F3F427E5-A17D-4B6D-B893-0FB1D127976B}.Release|Win32.Build.0 = Release|Win32
	EndGlobalSection
	GlobalSection(SolutionProperties) = preSolution
		HideSolutionNode = FALSE
	EndGlobalSection
EndGlobal
