
Microsoft Visual Studio Solution File, Format Version 9.00
# Visual Studio 2005
Project("{8BC9CEB8-8B4A-11D0-8D11-00A0C91BC942}") = "SyncHandler", "SyncHandler.vcproj", "{F99314EC-9FC2-41FE-AE94-7D728EB99F24}"
EndProject
Global
	GlobalSection(SolutionConfigurationPlatforms) = preSolution
		Debug|Win32 = Debug|Win32
		Release|Win32 = Release|Win32
	EndGlobalSection
	GlobalSection(ProjectConfigurationPlatforms) = postSolution
		{F99314EC-9FC2-41FE-AE94-7D728EB99F24}.Debug|Win32.ActiveCfg = Release|Win32
		{F99314EC-9FC2-41FE-AE94-7D728EB99F24}.Debug|Win32.Build.0 = Release|Win32
		{F99314EC-9FC2-41FE-AE94-7D728EB99F24}.Release|Win32.ActiveCfg = Release|Win32
		{F99314EC-9FC2-41FE-AE94-7D728EB99F24}.Release|Win32.Build.0 = Release|Win32
	EndGlobalSection
	GlobalSection(SolutionProperties) = preSolution
		HideSolutionNode = FALSE
	EndGlobalSection
EndGlobal
