
Microsoft Visual Studio Solution File, Format Version 12.00
# Visual Studio 11
Project("{8BC9CEB8-8B4A-11D0-8D11-00A0C91BC942}") = "xmllitewritewithencoding", "xmllitewritewithencoding.vcxproj", "{DBC5C15B-0071-4F71-B98A-835EC2F499BB}"
EndProject
Global
	GlobalSection(SolutionConfigurationPlatforms) = preSolution
		Debug|Win32 = Debug|Win32
		Release|Win32 = Release|Win32
	EndGlobalSection
	GlobalSection(ProjectConfigurationPlatforms) = postSolution
		{DBC5C15B-0071-4F71-B98A-835EC2F499BB}.Debug|Win32.ActiveCfg = Debug|Win32
		{DBC5C15B-0071-4F71-B98A-835EC2F499BB}.Debug|Win32.Build.0 = Debug|Win32
		{DBC5C15B-0071-4F71-B98A-835EC2F499BB}.Release|Win32.ActiveCfg = Release|Win32
		{DBC5C15B-0071-4F71-B98A-835EC2F499BB}.Release|Win32.Build.0 = Release|Win32
	EndGlobalSection
	GlobalSection(SolutionProperties) = preSolution
		HideSolutionNode = FALSE
	EndGlobalSection
EndGlobal
