Microsoft Visual Studio Solution File, Format Version 9.00
# Visual Studio 2005
Project("{FAE04EC0-301F-11D3-BF4B-00C04F79EFBC}") = "SimpleTts", "SimpleTts.csproj", "{2E507E92-6A6F-4234-B5D0-D68AAC8C1BCE}"
EndProject
Global
	GlobalSection(SolutionConfigurationPlatforms) = preSolution
		Debug|Any CPU = Debug|Any CPU
		Release|Any CPU = Release|Any CPU
	EndGlobalSection
	GlobalSection(ProjectConfigurationPlatforms) = postSolution
		{2E507E92-6A6F-4234-B5D0-D68AAC8C1BCE}.Debug|Any CPU.ActiveCfg = Debug|Any CPU
		{2E507E92-6A6F-4234-B5D0-D68AAC8C1BCE}.Debug|Any CPU.Build.0 = Debug|Any CPU
		{2E507E92-6A6F-4234-B5D0-D68AAC8C1BCE}.Release|Any CPU.ActiveCfg = Release|Any CPU
		{2E507E92-6A6F-4234-B5D0-D68AAC8C1BCE}.Release|Any CPU.Build.0 = Release|Any CPU
	EndGlobalSection
	GlobalSection(SolutionProperties) = preSolution
		HideSolutionNode = FALSE
	EndGlobalSection
EndGlobal
