
Microsoft Visual Studio Solution File, Format Version 9.00
# Visual Studio 2005
Project("{8BC9CEB8-8B4A-11D0-8D11-00A0C91BC942}") = "HttpAuthSample", "HttpAuthSample.vcproj", "{80CE2BBB-0D36-4904-AD62-56087F0F196F}"
EndProject
Global
	GlobalSection(SolutionConfigurationPlatforms) = preSolution
		Debug|Win32 = Debug|Win32
		Release|Win32 = Release|Win32
	EndGlobalSection
	GlobalSection(ProjectConfigurationPlatforms) = postSolution
		{80CE2BBB-0D36-4904-AD62-56087F0F196F}.Debug|Win32.ActiveCfg = Debug|Win32
		{80CE2BBB-0D36-4904-AD62-56087F0F196F}.Debug|Win32.Build.0 = Debug|Win32
		{80CE2BBB-0D36-4904-AD62-56087F0F196F}.Release|Win32.ActiveCfg = Release|Win32
		{80CE2BBB-0D36-4904-AD62-56087F0F196F}.Release|Win32.Build.0 = Release|Win32
	EndGlobalSection
	GlobalSection(SolutionProperties) = preSolution
		HideSolutionNode = FALSE
	EndGlobalSection
EndGlobal
