
Microsoft Visual Studio Solution File, Format Version 11.00
# Visual Studio 2010
Project("{FAE04EC0-301F-11D3-BF4B-00C04F79EFBC}") = "AssociationClient", "AssociationClient.csproj", "{3204991E-8A29-42B7-AE24-5DDFF2B1AE5F}"
EndProject
Global
	GlobalSection(SolutionConfigurationPlatforms) = preSolution
		Debug|x86 = Debug|x86
		Release|x86 = Release|x86
	EndGlobalSection
	GlobalSection(ProjectConfigurationPlatforms) = postSolution
		{3204991E-8A29-42B7-AE24-5DDFF2B1AE5F}.Debug|x86.ActiveCfg = Debug|x86
		{3204991E-8A29-42B7-AE24-5DDFF2B1AE5F}.Debug|x86.Build.0 = Debug|x86
		{3204991E-8A29-42B7-AE24-5DDFF2B1AE5F}.Release|x86.ActiveCfg = Release|x86
		{3204991E-8A29-42B7-AE24-5DDFF2B1AE5F}.Release|x86.Build.0 = Release|x86
	EndGlobalSection
	GlobalSection(SolutionProperties) = preSolution
		HideSolutionNode = FALSE
	EndGlobalSection
EndGlobal
