
Microsoft Visual Studio Solution File, Format Version 12.00
# Visual Studio 11
Project("{8BC9CEB8-8B4A-11D0-8D11-00A0C91BC942}") = "xmllitewriter", "xmllitewriter.vcxproj", "{AF96888C-159D-4925-9FEB-0A55D6095411}"
EndProject
Global
	GlobalSection(SolutionConfigurationPlatforms) = preSolution
		Debug|Win32 = Debug|Win32
		Release|Win32 = Release|Win32
	EndGlobalSection
	GlobalSection(ProjectConfigurationPlatforms) = postSolution
		{AF96888C-159D-4925-9FEB-0A55D6095411}.Debug|Win32.ActiveCfg = Debug|Win32
		{AF96888C-159D-4925-9FEB-0A55D6095411}.Debug|Win32.Build.0 = Debug|Win32
		{AF96888C-159D-4925-9FEB-0A55D6095411}.Release|Win32.ActiveCfg = Release|Win32
		{AF96888C-159D-4925-9FEB-0A55D6095411}.Release|Win32.Build.0 = Release|Win32
	EndGlobalSection
	GlobalSection(SolutionProperties) = preSolution
		HideSolutionNode = FALSE
	EndGlobalSection
EndGlobal
