
Microsoft Visual Studio Solution File, Format Version 9.00
# Visual Studio 2005
Project("{FAE04EC0-301F-11D3-BF4B-00C04F79EFBC}") = "ViewSwitchingSample", "ViewSwitchingSample.csproj", "{B70ED5F7-813D-4445-A95C-4834DA40B9BE}"
EndProject
Global
	GlobalSection(SolutionConfigurationPlatforms) = preSolution
		Debug|Any CPU = Debug|Any CPU
		Release|Any CPU = Release|Any CPU
	EndGlobalSection
	GlobalSection(ProjectConfigurationPlatforms) = postSolution
		{B70ED5F7-813D-4445-A95C-4834DA40B9BE}.Debug|Any CPU.ActiveCfg = Debug|Any CPU
		{B70ED5F7-813D-4445-A95C-4834DA40B9BE}.Debug|Any CPU.Build.0 = Debug|Any CPU
		{B70ED5F7-813D-4445-A95C-4834DA40B9BE}.Release|Any CPU.ActiveCfg = Release|Any CPU
		{B70ED5F7-813D-4445-A95C-4834DA40B9BE}.Release|Any CPU.Build.0 = Release|Any CPU
	EndGlobalSection
	GlobalSection(SolutionProperties) = preSolution
		HideSolutionNode = FALSE
	EndGlobalSection
EndGlobal
