
Microsoft Visual Studio Solution File, Format Version 9.00
# Visual C++ Express 2005
Project("{8BC9CEB8-8B4A-11D0-8D11-00A0C91BC942}") = "Dt_Dll", "Dt_Dll.vcproj", "{64A9C689-3234-4281-BA15-4FB4D4CA79EB}"
EndProject
Global
	GlobalSection(SolutionConfigurationPlatforms) = preSolution
		Debug|Win32 = Debug|Win32
		Release|Win32 = Release|Win32
	EndGlobalSection
	GlobalSection(ProjectConfigurationPlatforms) = postSolution
		{64A9C689-3234-4281-BA15-4FB4D4CA79EB}.Debug|Win32.ActiveCfg = Debug|Win32
		{64A9C689-3234-4281-BA15-4FB4D4CA79EB}.Debug|Win32.Build.0 = Debug|Win32
		{64A9C689-3234-4281-BA15-4FB4D4CA79EB}.Release|Win32.ActiveCfg = Release|Win32
		{64A9C689-3234-4281-BA15-4FB4D4CA79EB}.Release|Win32.Build.0 = Release|Win32
	EndGlobalSection
	GlobalSection(SolutionProperties) = preSolution
		HideSolutionNode = FALSE
	EndGlobalSection
EndGlobal
