
Microsoft Visual Studio Solution File, Format Version 11.00
# Visual Studio 2012
Project("{FAE04EC0-301F-11D3-BF4B-00C04F79EFBC}") = "AccessDBProviderSample06", "AccessDBProviderSample06.csproj", "{581E8079-3D57-4DAB-A177-04FC5F5EA916}"
EndProject
Global
	GlobalSection(SolutionConfigurationPlatforms) = preSolution
		Debug|Any CPU = Debug|Any CPU
		Release|Any CPU = Release|Any CPU
	EndGlobalSection
	GlobalSection(ProjectConfigurationPlatforms) = postSolution
		{581E8079-3D57-4DAB-A177-04FC5F5EA916}.Debug|Any CPU.ActiveCfg = Debug|Any CPU
		{581E8079-3D57-4DAB-A177-04FC5F5EA916}.Debug|Any CPU.Build.0 = Debug|Any CPU
		{581E8079-3D57-4DAB-A177-04FC5F5EA916}.Release|Any CPU.ActiveCfg = Release|Any CPU
		{581E8079-3D57-4DAB-A177-04FC5F5EA916}.Release|Any CPU.Build.0 = Release|Any CPU
	EndGlobalSection
	GlobalSection(SolutionProperties) = preSolution
		HideSolutionNode = FALSE
	EndGlobalSection
EndGlobal
