
Microsoft Visual Studio Solution File, Format Version 9.00
# Visual Studio 2005
Project("{8BC9CEB8-8B4A-11D0-8D11-00A0C91BC942}") = "MethCli", "MethCli.vcproj", "{8A2C0BCF-390A-4A39-97E0-189104A5AD54}"
EndProject
Global
	GlobalSection(SolutionConfigurationPlatforms) = preSolution
		Debug|Win32 = Debug|Win32
		Release|Win32 = Release|Win32
	EndGlobalSection
	GlobalSection(ProjectConfigurationPlatforms) = postSolution
		{8A2C0BCF-390A-4A39-97E0-189104A5AD54}.Debug|Win32.ActiveCfg = Debug|Win32
		{8A2C0BCF-390A-4A39-97E0-189104A5AD54}.Debug|Win32.Build.0 = Debug|Win32
		{8A2C0BCF-390A-4A39-97E0-189104A5AD54}.Release|Win32.ActiveCfg = Release|Win32
		{8A2C0BCF-390A-4A39-97E0-189104A5AD54}.Release|Win32.Build.0 = Release|Win32
	EndGlobalSection
	GlobalSection(SolutionProperties) = preSolution
		HideSolutionNode = FALSE
	EndGlobalSection
EndGlobal
