
Microsoft Visual Studio Solution File, Format Version 12.00
# Visual Studio 11
Project("{FAE04EC0-301F-11D3-BF4B-00C04F79EFBC}") = "CauSamplePlugin", "CauSamplePlugin.csproj", "{97CFEA74-CC55-4C1B-A348-AB04028E7E95}"
EndProject
Global
	GlobalSection(SolutionConfigurationPlatforms) = preSolution
		Debug|Any CPU = Debug|Any CPU
		Release|Any CPU = Release|Any CPU
	EndGlobalSection
	GlobalSection(ProjectConfigurationPlatforms) = postSolution
		{97CFEA74-CC55-4C1B-A348-AB04028E7E95}.Debug|Any CPU.ActiveCfg = Debug|Any CPU
		{97CFEA74-CC55-4C1B-A348-AB04028E7E95}.Debug|Any CPU.Build.0 = Debug|Any CPU
		{97CFEA74-CC55-4C1B-A348-AB04028E7E95}.Debug|Any CPU.Deploy.0 = Debug|Any CPU
		{97CFEA74-CC55-4C1B-A348-AB04028E7E95}.Release|Any CPU.ActiveCfg = Release|Any CPU
		{97CFEA74-CC55-4C1B-A348-AB04028E7E95}.Release|Any CPU.Build.0 = Release|Any CPU
		{97CFEA74-CC55-4C1B-A348-AB04028E7E95}.Release|Any CPU.Deploy.0 = Release|Any CPU
	EndGlobalSection
	GlobalSection(SolutionProperties) = preSolution
		HideSolutionNode = FALSE
	EndGlobalSection
EndGlobal
