
Microsoft Visual Studio Solution File, Format Version 12.00
# Visual Studio Version 17
VisualStudioVersion = 17.5.33516.290
MinimumVisualStudioVersion = 10.0.40219.1
Project("{8BC9CEB8-8B4A-11D0-8D11-00A0C91BC942}") = "BindLink", "BindLink.vcxproj", "{20FDBB33-84E9-458C-9817-3AA0083C82F0}"
EndProject
Project("{2150E333-8FDC-42A3-9474-1A3956D46DE8}") = "Solution Items", "Solution Items", "{F7D1BC06-707F-4CBB-9A53-AE51F73EC000}"
	ProjectSection(SolutionItems) = preProject
		README.md = README.md
	EndProjectSection
EndProject
Global
	GlobalSection(SolutionConfigurationPlatforms) = preSolution
		Debug|x64 = Debug|x64
		Debug|x86 = Debug|x86
		Release|x64 = Release|x64
		Release|x86 = Release|x86
	EndGlobalSection
	GlobalSection(ProjectConfigurationPlatforms) = postSolution
		{20FDBB33-84E9-458C-9817-3AA0083C82F0}.Debug|x64.ActiveCfg = Debug|x64
		{20FDBB33-84E9-458C-9817-3AA0083C82F0}.Debug|x64.Build.0 = Debug|x64
		{20FDBB33-84E9-458C-9817-3AA0083C82F0}.Debug|x86.ActiveCfg = Debug|Win32
		{20FDBB33-84E9-458C-9817-3AA0083C82F0}.Debug|x86.Build.0 = Debug|Win32
		{20FDBB33-84E9-458C-9817-3AA0083C82F0}.Release|x64.ActiveCfg = Release|x64
		{20FDBB33-84E9-458C-9817-3AA0083C82F0}.Release|x64.Build.0 = Release|x64
		{20FDBB33-84E9-458C-9817-3AA0083C82F0}.Release|x86.ActiveCfg = Release|Win32
		{20FDBB33-84E9-458C-9817-3AA0083C82F0}.Release|x86.Build.0 = Release|Win32
	EndGlobalSection
	GlobalSection(SolutionProperties) = preSolution
		HideSolutionNode = FALSE
	EndGlobalSection
	GlobalSection(ExtensibilityGlobals) = postSolution
		SolutionGuid = {1D1DC3D1-61CB-4FEF-9AF9-5436040E1E3E}
	EndGlobalSection
EndGlobal
