
Microsoft Visual Studio Solution File, Format Version 9.00
# Visual C++ Express 2005
Project("{8BC9CEB8-8B4A-11D0-8D11-00A0C91BC942}") = "AcceptServer", "AcceptServer.vcproj", "{9CEC7A37-0259-4CB4-BE54-641BD3A86EA3}"
EndProject
Global
	GlobalSection(SolutionConfigurationPlatforms) = preSolution
		Debug|Win32 = Debug|Win32
		Release|Win32 = Release|Win32
	EndGlobalSection
	GlobalSection(ProjectConfigurationPlatforms) = postSolution
		{9CEC7A37-0259-4CB4-BE54-641BD3A86EA3}.Debug|Win32.ActiveCfg = Debug|Win32
		{9CEC7A37-0259-4CB4-BE54-641BD3A86EA3}.Debug|Win32.Build.0 = Debug|Win32
		{9CEC7A37-0259-4CB4-BE54-641BD3A86EA3}.Release|Win32.ActiveCfg = Release|Win32
		{9CEC7A37-0259-4CB4-BE54-641BD3A86EA3}.Release|Win32.Build.0 = Release|Win32
	EndGlobalSection
	GlobalSection(SolutionProperties) = preSolution
		HideSolutionNode = FALSE
	EndGlobalSection
EndGlobal
