
Microsoft Visual Studio Solution File, Format Version 12.00
# Visual Studio 15
VisualStudioVersion = 15.0.28307.1062
MinimumVisualStudioVersion = 10.0.40219.1
Project("{8BC9CEB8-8B4A-11D0-8D11-00A0C91BC942}") = "EnumerateProviders", "EnumerateProviders.vcxproj", "{F224F38C-DD89-4445-88E5-42312303B945}"
EndProject
Global
	GlobalSection(SolutionConfigurationPlatforms) = preSolution
		Debug|x64 = Debug|x64
		Debug|x86 = Debug|x86
		Release|x64 = Release|x64
		Release|x86 = Release|x86
	EndGlobalSection
	GlobalSection(ProjectConfigurationPlatforms) = postSolution
		{F224F38C-DD89-4445-88E5-42312303B945}.Debug|x64.ActiveCfg = Debug|x64
		{F224F38C-DD89-4445-88E5-42312303B945}.Debug|x64.Build.0 = Debug|x64
		{F224F38C-DD89-4445-88E5-42312303B945}.Debug|x86.ActiveCfg = Debug|Win32
		{F224F38C-DD89-4445-88E5-42312303B945}.Debug|x86.Build.0 = Debug|Win32
		{F224F38C-DD89-4445-88E5-42312303B945}.Release|x64.ActiveCfg = Release|x64
		{F224F38C-DD89-4445-88E5-42312303B945}.Release|x64.Build.0 = Release|x64
		{F224F38C-DD89-4445-88E5-42312303B945}.Release|x86.ActiveCfg = Release|Win32
		{F224F38C-DD89-4445-88E5-42312303B945}.Release|x86.Build.0 = Release|Win32
	EndGlobalSection
	GlobalSection(SolutionProperties) = preSolution
		HideSolutionNode = FALSE
	EndGlobalSection
	GlobalSection(ExtensibilityGlobals) = postSolution
		SolutionGuid = {490C78A3-D5A1-4BC1-B4A3-99C8FF32BDB2}
	EndGlobalSection
EndGlobal
