
Microsoft Visual Studio Solution File, Format Version 10.00
# Visual Studio 2008
Project("{8BC9CEB8-8B4A-11D0-8D11-00A0C91BC942}") = "EdgeTraversalOptions", "EdgeTraversalOptions.vcproj", "{4316B304-D3CA-47E7-80A2-D83876CF9835}"
EndProject
Global
	GlobalSection(SolutionConfigurationPlatforms) = preSolution
		Debug|Win32 = Debug|Win32
		Release|Win32 = Release|Win32
	EndGlobalSection
	GlobalSection(ProjectConfigurationPlatforms) = postSolution
		{4316B304-D3CA-47E7-80A2-D83876CF9835}.Debug|Win32.ActiveCfg = Debug|Win32
		{4316B304-D3CA-47E7-80A2-D83876CF9835}.Debug|Win32.Build.0 = Debug|Win32
		{4316B304-D3CA-47E7-80A2-D83876CF9835}.Release|Win32.ActiveCfg = Release|Win32
		{4316B304-D3CA-47E7-80A2-D83876CF9835}.Release|Win32.Build.0 = Release|Win32
	EndGlobalSection
	GlobalSection(SolutionProperties) = preSolution
		HideSolutionNode = FALSE
	EndGlobalSection
EndGlobal
