Microsoft Visual Studio Solution File, Format Version 12.00
# Visual Studio Version 16
VisualStudioVersion = 16.0.29230.47
MinimumVisualStudioVersion = 10.0.40219.1
Project("{FAE04EC0-301F-11D3-BF4B-00C04F79EFBC}") = "VoiceAccess", "VoiceAccess.csproj", "{8E82BF6C-F8B8-4F6A-9B57-8D9D5F8C2E4A}"
EndProject
Global
	GlobalSection(SolutionConfigurationPlatforms) = preSolution
		Debug|Any CPU = Debug|Any CPU
		Release|Any CPU = Release|Any CPU
	EndGlobalSection
	GlobalSection(ProjectConfigurationPlatforms) = postSolution
		{8E82BF6C-F8B8-4F6A-9B57-8D9D5F8C2E4A}.Debug|Any CPU.ActiveCfg = Debug|Any CPU
		{8E82BF6C-F8B8-4F6A-9B57-8D9D5F8C2E4A}.Debug|Any CPU.Build.0 = Debug|Any CPU
		{8E82BF6C-F8B8-4F6A-9B57-8D9D5F8C2E4A}.Release|Any CPU.ActiveCfg = Release|Any CPU
		{8E82BF6C-F8B8-4F6A-9B57-8D9D5F8C2E4A}.Release|Any CPU.Build.0 = Release|Any CPU
	EndGlobalSection
	GlobalSection(SolutionProperties) = preSolution
		HideSolutionNode = FALSE
	EndGlobalSection
	GlobalSection(ExtensibilityGlobals) = postSolution
		SolutionGuid = {7C3F9F8D-1E8A-4B8A-9A2B-3C4D5E6F7890}
	EndGlobalSection
EndGlobal