
Microsoft Visual Studio Solution File, Format Version 11.00
# Visual Studio 2012
Project("{FAE04EC0-301F-11D3-BF4B-00C04F79EFBC}") = "AccessDBProviderSample02", "AccessDBProviderSample02.csproj", "{642A5035-4FCF-4689-ACE7-D11540C64313}"
EndProject
Global
	GlobalSection(SolutionConfigurationPlatforms) = preSolution
		Debug|Any CPU = Debug|Any CPU
		Release|Any CPU = Release|Any CPU
	EndGlobalSection
	GlobalSection(ProjectConfigurationPlatforms) = postSolution
		{642A5035-4FCF-4689-ACE7-D11540C64313}.Debug|Any CPU.ActiveCfg = Debug|Any CPU
		{642A5035-4FCF-4689-ACE7-D11540C64313}.Debug|Any CPU.Build.0 = Debug|Any CPU
		{642A5035-4FCF-4689-ACE7-D11540C64313}.Release|Any CPU.ActiveCfg = Release|Any CPU
		{642A5035-4FCF-4689-ACE7-D11540C64313}.Release|Any CPU.Build.0 = Release|Any CPU
	EndGlobalSection
	GlobalSection(SolutionProperties) = preSolution
		HideSolutionNode = FALSE
	EndGlobalSection
EndGlobal
