<?xml version="1.0" encoding="utf-8"?>
<Project ToolsVersion="4.0" xmlns:atg="http://atg.xbox.com" xmlns="http://schemas.microsoft.com/developer/msbuild/2003">
  <ItemGroup>
    <Filter Include="Resource Files">
      <UniqueIdentifier>{8e114980-c1a3-4ada-ad7c-83caadf5daeb}</UniqueIdentifier>
      <Extensions>rc;ico;cur;bmp;dlg;rc2;rct;bin;rgs;gif;jpg;jpeg;jpe</Extensions>
    </Filter>
    <Filter Include="Shaders">
      <UniqueIdentifier>{2c3d4c8c-5d1a-459a-a05a-a4e4b608a44e}</UniqueIdentifier>
      <Extensions>fx;fxh;hlsl</Extensions>
    </Filter>
    <Filter Include="DirectXTex">
      <UniqueIdentifier>{c55a1c04-d054-41aa-b787-503919559b5d}</UniqueIdentifier>
    </Filter>
  </ItemGroup>
  <ItemGroup>
    <ClCompile Include="BC.cpp">
      <Filter>DirectXTex</Filter>
    </ClCompile>
    <ClCompile Include="BC4BC5.cpp">
      <Filter>DirectXTex</Filter>
    </ClCompile>
    <ClCompile Include="BC6HBC7.cpp">
      <Filter>DirectXTex</Filter>
    </ClCompile>
    <ClCompile Include="DirectXTexCompress.cpp">
      <Filter>DirectXTex</Filter>
    </ClCompile>
    <ClCompile Include="DirectXTexConvert.cpp">
      <Filter>DirectXTex</Filter>
    </ClCompile>
    <ClCompile Include="DirectXTexD3D11.cpp">
      <Filter>DirectXTex</Filter>
    </ClCompile>
    <ClCompile Include="DirectXTexDDS.cpp">
      <Filter>DirectXTex</Filter>
    </ClCompile>
    <ClCompile Include="DirectXTexFlipRotate.cpp">
      <Filter>DirectXTex</Filter>
    </ClCompile>
    <ClCompile Include="DirectXTexImage.cpp">
      <Filter>DirectXTex</Filter>
    </ClCompile>
    <ClCompile Include="DirectXTexMipmaps.cpp">
      <Filter>DirectXTex</Filter>
    </ClCompile>
    <ClCompile Include="DirectXTexMisc.cpp">
      <Filter>DirectXTex</Filter>
    </ClCompile>
    <ClCompile Include="DirectXTexNormalMaps.cpp">
      <Filter>DirectXTex</Filter>
    </ClCompile>
    <ClCompile Include="DirectXTexPMAlpha.cpp">
      <Filter>DirectXTex</Filter>
    </ClCompile>
    <ClCompile Include="DirectXTexResize.cpp">
      <Filter>DirectXTex</Filter>
    </ClCompile>
    <ClCompile Include="DirectXTexTGA.cpp">
      <Filter>DirectXTex</Filter>
    </ClCompile>
    <ClCompile Include="DirectXTexUtil.cpp">
      <Filter>DirectXTex</Filter>
    </ClCompile>
    <ClCompile Include="DirectXTexWIC.cpp">
      <Filter>DirectXTex</Filter>
    </ClCompile>
  </ItemGroup>
  <ItemGroup>
    <ClCompile Include="Texconv.cpp" />
  </ItemGroup>
  <ItemGroup>
    <ClInclude Include="BC.h">
      <Filter>DirectXTex</Filter>
    </ClInclude>
    <ClInclude Include="DDS.h">
      <Filter>DirectXTex</Filter>
    </ClInclude>
    <ClInclude Include="DirectXTex.h">
      <Filter>DirectXTex</Filter>
    </ClInclude>
    <ClInclude Include="DirectXTexP.h">
      <Filter>DirectXTex</Filter>
    </ClInclude>
    <ClInclude Include="scoped.h">
      <Filter>DirectXTex</Filter>
    </ClInclude>
    <ClInclude Include="filters.h">
      <Filter>DirectXTex</Filter>
    </ClInclude>
  </ItemGroup>
  <ItemGroup>
    <ResourceCompile Include="Texconv.rc">
      <Filter>Resource Files</Filter>
    </ResourceCompile>
  </ItemGroup>
  <ItemGroup>
    <None Include="DirectXTex.inl">
      <Filter>DirectXTex</Filter>
    </None>
  </ItemGroup>
</Project>