
Microsoft Visual Studio Solution File, Format Version 10.00
# Visual Studio 2008
Project("{8BC9CEB8-8B4A-11D0-8D11-00A0C91BC942}") = "netinfo", "netinfo.vcproj", "{EBED75BB-78A9-4C54-B2C5-6E586D5CD7FC}"
EndProject
Global
	GlobalSection(SolutionConfigurationPlatforms) = preSolution
		Debug|Win32 = Debug|Win32
		Release|Win32 = Release|Win32
	EndGlobalSection
	GlobalSection(ProjectConfigurationPlatforms) = postSolution
		{EBED75BB-78A9-4C54-B2C5-6E586D5CD7FC}.Debug|Win32.ActiveCfg = Debug|Win32
		{EBED75BB-78A9-4C54-B2C5-6E586D5CD7FC}.Debug|Win32.Build.0 = Debug|Win32
		{EBED75BB-78A9-4C54-B2C5-6E586D5CD7FC}.Release|Win32.ActiveCfg = Release|Win32
		{EBED75BB-78A9-4C54-B2C5-6E586D5CD7FC}.Release|Win32.Build.0 = Release|Win32
	EndGlobalSection
	GlobalSection(SolutionProperties) = preSolution
		HideSolutionNode = FALSE
	EndGlobalSection
EndGlobal
