
Microsoft Visual Studio Solution File, Format Version 9.00
# Visual Studio 2005
Project("{8BC9CEB8-8B4A-11D0-8D11-00A0C91BC942}") = "ImmPad-Level2", "ImmPad-Level2.vcproj", "{CCE6A154-88F8-40F4-AE07-32104C93F598}"
EndProject
Global
	GlobalSection(SolutionConfigurationPlatforms) = preSolution
		Debug|Win32 = Debug|Win32
		Release|Win32 = Release|Win32
	EndGlobalSection
	GlobalSection(ProjectConfigurationPlatforms) = postSolution
		{CCE6A154-88F8-40F4-AE07-32104C93F598}.Debug|Win32.ActiveCfg = Debug|Win32
		{CCE6A154-88F8-40F4-AE07-32104C93F598}.Debug|Win32.Build.0 = Debug|Win32
		{CCE6A154-88F8-40F4-AE07-32104C93F598}.Release|Win32.ActiveCfg = Release|Win32
		{CCE6A154-88F8-40F4-AE07-32104C93F598}.Release|Win32.Build.0 = Release|Win32
	EndGlobalSection
	GlobalSection(SolutionProperties) = preSolution
		HideSolutionNode = FALSE
	EndGlobalSection
EndGlobal
