
Microsoft Visual Studio Solution File, Format Version 11.00
# Visual Studio 2012
Project("{FAE04EC0-301F-11D3-BF4B-00C04F79EFBC}") = "GetProcessSample03", "GetProcessSample03.csproj", "{5C8BFB46-087B-48F4-A8E2-718B982BE7D9}"
EndProject
Global
	GlobalSection(SolutionConfigurationPlatforms) = preSolution
		Debug|Any CPU = Debug|Any CPU
		Release|Any CPU = Release|Any CPU
	EndGlobalSection
	GlobalSection(ProjectConfigurationPlatforms) = postSolution
		{5C8BFB46-087B-48F4-A8E2-718B982BE7D9}.Debug|Any CPU.ActiveCfg = Debug|Any CPU
		{5C8BFB46-087B-48F4-A8E2-718B982BE7D9}.Debug|Any CPU.Build.0 = Debug|Any CPU
		{5C8BFB46-087B-48F4-A8E2-718B982BE7D9}.Release|Any CPU.ActiveCfg = Release|Any CPU
		{5C8BFB46-087B-48F4-A8E2-718B982BE7D9}.Release|Any CPU.Build.0 = Release|Any CPU
	EndGlobalSection
	GlobalSection(SolutionProperties) = preSolution
		HideSolutionNode = FALSE
	EndGlobalSection
EndGlobal
