
Microsoft Visual Studio Solution File, Format Version 9.00
# Visual C++ Express 2005
Project("{8BC9CEB8-8B4A-11D0-8D11-00A0C91BC942}") = "mcastws2", "mcastws2.vcproj", "{D4F60BCE-236C-4A2C-82DF-70F6770933F9}"
EndProject
Global
	GlobalSection(SolutionConfigurationPlatforms) = preSolution
		Debug|Win32 = Debug|Win32
		Release|Win32 = Release|Win32
	EndGlobalSection
	GlobalSection(ProjectConfigurationPlatforms) = postSolution
		{D4F60BCE-236C-4A2C-82DF-70F6770933F9}.Debug|Win32.ActiveCfg = Debug|Win32
		{D4F60BCE-236C-4A2C-82DF-70F6770933F9}.Debug|Win32.Build.0 = Debug|Win32
		{D4F60BCE-236C-4A2C-82DF-70F6770933F9}.Release|Win32.ActiveCfg = Release|Win32
		{D4F60BCE-236C-4A2C-82DF-70F6770933F9}.Release|Win32.Build.0 = Release|Win32
	EndGlobalSection
	GlobalSection(SolutionProperties) = preSolution
		HideSolutionNode = FALSE
	EndGlobalSection
EndGlobal
