
Microsoft Visual Studio Solution File, Format Version 11.00
# Visual Studio 2012
Project("{FAE04EC0-301F-11D3-BF4B-00C04F79EFBC}") = "Runspace06", "Runspace06.csproj", "{96D3E2AF-324B-4430-8A26-D42DF52BFF8B}"
EndProject
Global
	GlobalSection(SolutionConfigurationPlatforms) = preSolution
		Debug|Any CPU = Debug|Any CPU
		Release|Any CPU = Release|Any CPU
	EndGlobalSection
	GlobalSection(ProjectConfigurationPlatforms) = postSolution
		{96D3E2AF-324B-4430-8A26-D42DF52BFF8B}.Debug|Any CPU.ActiveCfg = Debug|Any CPU
		{96D3E2AF-324B-4430-8A26-D42DF52BFF8B}.Debug|Any CPU.Build.0 = Debug|Any CPU
		{96D3E2AF-324B-4430-8A26-D42DF52BFF8B}.Release|Any CPU.ActiveCfg = Release|Any CPU
		{96D3E2AF-324B-4430-8A26-D42DF52BFF8B}.Release|Any CPU.Build.0 = Release|Any CPU
	EndGlobalSection
	GlobalSection(SolutionProperties) = preSolution
		HideSolutionNode = FALSE
	EndGlobalSection
EndGlobal
