Microsoft Visual Studio Solution File, Format Version 9.00
# Visual Studio 2005
Project("{8BC9CEB8-8B4A-11D0-8D11-00A0C91BC942}") = "PropSheetHost", "PropSheetHost.vcproj", "{5706D2E5-FDCD-4734-ADCD-B058C67E27A6}"
EndProject
Global
	GlobalSection(SolutionConfigurationPlatforms) = preSolution
		Debug|Itanium = Debug|Itanium
		Debug|Win32 = Debug|Win32
		Debug|x64 = Debug|x64
		Release|Itanium = Release|Itanium
		Release|Win32 = Release|Win32
		Release|x64 = Release|x64
	EndGlobalSection
	GlobalSection(ProjectConfigurationPlatforms) = postSolution
		{5706D2E5-FDCD-4734-ADCD-B058C67E27A6}.Debug|Itanium.ActiveCfg = Debug|Itanium
		{5706D2E5-FDCD-4734-ADCD-B058C67E27A6}.Debug|Itanium.Build.0 = Debug|Itanium
		{5706D2E5-FDCD-4734-ADCD-B058C67E27A6}.Debug|Win32.ActiveCfg = Debug|Win32
		{5706D2E5-FDCD-4734-ADCD-B058C67E27A6}.Debug|Win32.Build.0 = Debug|Win32
		{5706D2E5-FDCD-4734-ADCD-B058C67E27A6}.Debug|x64.ActiveCfg = Debug|x64
		{5706D2E5-FDCD-4734-ADCD-B058C67E27A6}.Debug|x64.Build.0 = Debug|x64
		{5706D2E5-FDCD-4734-ADCD-B058C67E27A6}.Release|Itanium.ActiveCfg = Release|Itanium
		{5706D2E5-FDCD-4734-ADCD-B058C67E27A6}.Release|Itanium.Build.0 = Release|Itanium
		{5706D2E5-FDCD-4734-ADCD-B058C67E27A6}.Release|Win32.ActiveCfg = Release|Win32
		{5706D2E5-FDCD-4734-ADCD-B058C67E27A6}.Release|Win32.Build.0 = Release|Win32
		{5706D2E5-FDCD-4734-ADCD-B058C67E27A6}.Release|x64.ActiveCfg = Release|x64
		{5706D2E5-FDCD-4734-ADCD-B058C67E27A6}.Release|x64.Build.0 = Release|x64
	EndGlobalSection
	GlobalSection(SolutionProperties) = preSolution
		HideSolutionNode = FALSE
	EndGlobalSection
EndGlobal
