
Microsoft Visual Studio Solution File, Format Version 11.00
# Visual Studio 2012
Project("{FAE04EC0-301F-11D3-BF4B-00C04F79EFBC}") = "AccessDBProviderSample05", "AccessDBProviderSample05.csproj", "{4423F9E1-A551-42DE-AAE3-B96DCFC4C49D}"
EndProject
Global
	GlobalSection(SolutionConfigurationPlatforms) = preSolution
		Debug|Any CPU = Debug|Any CPU
		Release|Any CPU = Release|Any CPU
	EndGlobalSection
	GlobalSection(ProjectConfigurationPlatforms) = postSolution
		{4423F9E1-A551-42DE-AAE3-B96DCFC4C49D}.Debug|Any CPU.ActiveCfg = Debug|Any CPU
		{4423F9E1-A551-42DE-AAE3-B96DCFC4C49D}.Debug|Any CPU.Build.0 = Debug|Any CPU
		{4423F9E1-A551-42DE-AAE3-B96DCFC4C49D}.Release|Any CPU.ActiveCfg = Release|Any CPU
		{4423F9E1-A551-42DE-AAE3-B96DCFC4C49D}.Release|Any CPU.Build.0 = Release|Any CPU
	EndGlobalSection
	GlobalSection(SolutionProperties) = preSolution
		HideSolutionNode = FALSE
	EndGlobalSection
EndGlobal
