
Microsoft Visual Studio Solution File, Format Version 10.00
# Visual Studio 2008
Project("{FAE04EC0-301F-11D3-BF4B-00C04F79EFBC}") = "Subscribe", "Subscribe.csproj", "{1C49D57A-D585-4462-86F1-50CE57D86488}"
EndProject
Global
	GlobalSection(SolutionConfigurationPlatforms) = preSolution
		Debug|Any CPU = Debug|Any CPU
		Release|Any CPU = Release|Any CPU
	EndGlobalSection
	GlobalSection(ProjectConfigurationPlatforms) = postSolution
		{1C49D57A-D585-4462-86F1-50CE57D86488}.Debug|Any CPU.ActiveCfg = Debug|Any CPU
		{1C49D57A-D585-4462-86F1-50CE57D86488}.Debug|Any CPU.Build.0 = Debug|Any CPU
		{1C49D57A-D585-4462-86F1-50CE57D86488}.Release|Any CPU.ActiveCfg = Release|Any CPU
		{1C49D57A-D585-4462-86F1-50CE57D86488}.Release|Any CPU.Build.0 = Release|Any CPU
	EndGlobalSection
	GlobalSection(SolutionProperties) = preSolution
		HideSolutionNode = FALSE
	EndGlobalSection
EndGlobal
