Microsoft Visual Studio Solution File, Format Version 9.00
# Visual Studio 2005
Project("{8BC9CEB8-8B4A-11D0-8D11-00A0C91BC942}") = "WMSyncReader", "WMSyncReader.vcproj", "{C58C5923-B3D8-4355-A51C-BF932A6C3FDD}"
EndProject
Global
	GlobalSection(SolutionConfigurationPlatforms) = preSolution
		Debug|Win32 = Debug|Win32
		Release|Win32 = Release|Win32
	EndGlobalSection
	GlobalSection(ProjectConfigurationPlatforms) = postSolution
		{C58C5923-B3D8-4355-A51C-BF932A6C3FDD}.Debug|Win32.ActiveCfg = Debug|Win32
		{C58C5923-B3D8-4355-A51C-BF932A6C3FDD}.Debug|Win32.Build.0 = Debug|Win32
		{C58C5923-B3D8-4355-A51C-BF932A6C3FDD}.Release|Win32.ActiveCfg = Release|Win32
		{C58C5923-B3D8-4355-A51C-BF932A6C3FDD}.Release|Win32.Build.0 = Release|Win32
	EndGlobalSection
	GlobalSection(SolutionProperties) = preSolution
		HideSolutionNode = FALSE
	EndGlobalSection
EndGlobal
