Microsoft Visual Studio Solution File, Format Version 9.00
# Visual Studio 2005
Project("{FAE04EC0-301F-11D3-BF4B-00C04F79EFBC}") = "InkCollection", "InkCollection.csproj", "{8341F910-CFD1-43A8-9A13-3AE5FE638469}"
EndProject
Global
	GlobalSection(SolutionConfigurationPlatforms) = preSolution
		Debug|Any CPU = Debug|Any CPU
		Release|Any CPU = Release|Any CPU
	EndGlobalSection
	GlobalSection(ProjectConfigurationPlatforms) = postSolution
		{8341F910-CFD1-43A8-9A13-3AE5FE638469}.Debug|Any CPU.ActiveCfg = Debug|Any CPU
		{8341F910-CFD1-43A8-9A13-3AE5FE638469}.Debug|Any CPU.Build.0 = Debug|Any CPU
		{8341F910-CFD1-43A8-9A13-3AE5FE638469}.Release|Any CPU.ActiveCfg = Release|Any CPU
		{8341F910-CFD1-43A8-9A13-3AE5FE638469}.Release|Any CPU.Build.0 = Release|Any CPU
	EndGlobalSection
	GlobalSection(SolutionProperties) = preSolution
		HideSolutionNode = FALSE
	EndGlobalSection
EndGlobal
