
Microsoft Visual Studio Solution File, Format Version 11.00
# Visual Studio 2010
Project("{FAE04EC0-301F-11D3-BF4B-00C04F79EFBC}") = "JobSourceAdapter", "JobSourceAdapter.csproj", "{CA32D33D-F594-4AF1-955D-8316DF8F6AC1}"
EndProject
Global
	GlobalSection(SolutionConfigurationPlatforms) = preSolution
		Debug|Any CPU = Debug|Any CPU
		Release|Any CPU = Release|Any CPU
	EndGlobalSection
	GlobalSection(ProjectConfigurationPlatforms) = postSolution
		{CA32D33D-F594-4AF1-955D-8316DF8F6AC1}.Debug|Any CPU.ActiveCfg = Debug|Any CPU
		{CA32D33D-F594-4AF1-955D-8316DF8F6AC1}.Debug|Any CPU.Build.0 = Debug|Any CPU
		{CA32D33D-F594-4AF1-955D-8316DF8F6AC1}.Release|Any CPU.ActiveCfg = Release|Any CPU
		{CA32D33D-F594-4AF1-955D-8316DF8F6AC1}.Release|Any CPU.Build.0 = Release|Any CPU
	EndGlobalSection
	GlobalSection(SolutionProperties) = preSolution
		HideSolutionNode = FALSE
	EndGlobalSection
EndGlobal
