
Microsoft Visual Studio Solution File, Format Version 9.00
# Visual Studio 2005
Project("{8BC9CEB8-8B4A-11D0-8D11-00A0C91BC942}") = "RdcSdkTestServer", "Server\RdcSdkTestServer.vcproj", "{40A62159-8749-4CB0-AF5D-65FB3309DFFB}"
EndProject
Project("{8BC9CEB8-8B4A-11D0-8D11-00A0C91BC942}") = "RdcSdkTestClient", "Client\RdcSdkTestClient.vcproj", "{4D3CED6B-3962-4899-87EC-072CAD0FDF38}"
	ProjectSection(ProjectDependencies) = postProject
		{40A62159-8749-4CB0-AF5D-65FB3309DFFB} = {40A62159-8749-4CB0-AF5D-65FB3309DFFB}
	EndProjectSection
EndProject
Global
	GlobalSection(SolutionConfigurationPlatforms) = preSolution
		Debug|Win32 = Debug|Win32
		Release|Win32 = Release|Win32
	EndGlobalSection
	GlobalSection(ProjectConfigurationPlatforms) = postSolution
		{40A62159-8749-4CB0-AF5D-65FB3309DFFB}.Debug|Win32.ActiveCfg = Debug|Win32
		{40A62159-8749-4CB0-AF5D-65FB3309DFFB}.Debug|Win32.Build.0 = Debug|Win32
		{40A62159-8749-4CB0-AF5D-65FB3309DFFB}.Release|Win32.ActiveCfg = Release|Win32
		{40A62159-8749-4CB0-AF5D-65FB3309DFFB}.Release|Win32.Build.0 = Release|Win32
		{4D3CED6B-3962-4899-87EC-072CAD0FDF38}.Debug|Win32.ActiveCfg = Debug|Win32
		{4D3CED6B-3962-4899-87EC-072CAD0FDF38}.Debug|Win32.Build.0 = Debug|Win32
		{4D3CED6B-3962-4899-87EC-072CAD0FDF38}.Release|Win32.ActiveCfg = Release|Win32
		{4D3CED6B-3962-4899-87EC-072CAD0FDF38}.Release|Win32.Build.0 = Release|Win32
	EndGlobalSection
	GlobalSection(SolutionProperties) = preSolution
		HideSolutionNode = FALSE
	EndGlobalSection
EndGlobal
