
Microsoft Visual Studio Solution File, Format Version 10.00
# Visual Studio 2008
Project("{8BC9CEB8-8B4A-11D0-8D11-00A0C91BC942}") = "WSManAuthzPlugin", "WSManAuthzPlugin.vcproj", "{73131893-B715-47F0-B376-7ADD9147DDDC}"
EndProject
Global
	GlobalSection(SolutionConfigurationPlatforms) = preSolution
		Debug|Win32 = Debug|Win32
		Release|Win32 = Release|Win32
	EndGlobalSection
	GlobalSection(ProjectConfigurationPlatforms) = postSolution
		{73131893-B715-47F0-B376-7ADD9147DDDC}.Debug|Win32.ActiveCfg = Debug|Win32
		{73131893-B715-47F0-B376-7ADD9147DDDC}.Debug|Win32.Build.0 = Debug|Win32
		{73131893-B715-47F0-B376-7ADD9147DDDC}.Release|Win32.ActiveCfg = Release|Win32
		{73131893-B715-47F0-B376-7ADD9147DDDC}.Release|Win32.Build.0 = Release|Win32
	EndGlobalSection
	GlobalSection(SolutionProperties) = preSolution
		HideSolutionNode = FALSE
	EndGlobalSection
EndGlobal
