
Microsoft Visual Studio Solution File, Format Version 12.00
# Visual Studio 11
Project("{8BC9CEB8-8B4A-11D0-8D11-00A0C91BC942}") = "GetStatelessStoreParams", "GetStatelessStoreParams.vcxproj", "{1D794D16-8AA8-4EC6-B733-9338CD17D879}"
EndProject
Global
	GlobalSection(SolutionConfigurationPlatforms) = preSolution
		Debug|x64 = Debug|x64
		Release|x64 = Release|x64
	EndGlobalSection
	GlobalSection(ProjectConfigurationPlatforms) = postSolution
		{1D794D16-8AA8-4EC6-B733-9338CD17D879}.Debug|x64.ActiveCfg = Debug|x64
		{1D794D16-8AA8-4EC6-B733-9338CD17D879}.Debug|x64.Build.0 = Debug|x64
		{1D794D16-8AA8-4EC6-B733-9338CD17D879}.Release|x64.ActiveCfg = Release|x64
		{1D794D16-8AA8-4EC6-B733-9338CD17D879}.Release|x64.Build.0 = Release|x64
	EndGlobalSection
	GlobalSection(SolutionProperties) = preSolution
		HideSolutionNode = FALSE
	EndGlobalSection
EndGlobal
