
Microsoft Visual Studio Solution File, Format Version 9.00
# Visual Studio 2005
Project("{FAE04EC0-301F-11D3-BF4B-00C04F79EFBC}") = "ExtensibleSnapIn", "ExtensibleSnapIn.csproj", "{F4135F9D-E8D9-41EE-8BB0-9211B4E75696}"
EndProject
Global
	GlobalSection(SolutionConfigurationPlatforms) = preSolution
		Debug|Any CPU = Debug|Any CPU
		Release|Any CPU = Release|Any CPU
	EndGlobalSection
	GlobalSection(ProjectConfigurationPlatforms) = postSolution
		{F4135F9D-E8D9-41EE-8BB0-9211B4E75696}.Debug|Any CPU.ActiveCfg = Debug|Any CPU
		{F4135F9D-E8D9-41EE-8BB0-9211B4E75696}.Debug|Any CPU.Build.0 = Debug|Any CPU
		{F4135F9D-E8D9-41EE-8BB0-9211B4E75696}.Release|Any CPU.ActiveCfg = Release|Any CPU
		{F4135F9D-E8D9-41EE-8BB0-9211B4E75696}.Release|Any CPU.Build.0 = Release|Any CPU
	EndGlobalSection
	GlobalSection(SolutionProperties) = preSolution
		HideSolutionNode = FALSE
	EndGlobalSection
EndGlobal
