
Microsoft Visual Studio Solution File, Format Version 9.00
# Visual Studio 2005
Project("{FAE04EC0-301F-11D3-BF4B-00C04F79EFBC}") = "ManagedGetEnumProperties", "ManagedGetEnumProperties.csproj", "{02223879-AF97-46D2-A4DF-4838CB4ECA72}"
EndProject
Global
	GlobalSection(SolutionConfigurationPlatforms) = preSolution
		Debug|Any CPU = Debug|Any CPU
		Release|Any CPU = Release|Any CPU
	EndGlobalSection
	GlobalSection(ProjectConfigurationPlatforms) = postSolution
		{02223879-AF97-46D2-A4DF-4838CB4ECA72}.Debug|Any CPU.ActiveCfg = Debug|Any CPU
		{02223879-AF97-46D2-A4DF-4838CB4ECA72}.Debug|Any CPU.Build.0 = Debug|Any CPU
		{02223879-AF97-46D2-A4DF-4838CB4ECA72}.Release|Any CPU.ActiveCfg = Release|Any CPU
		{02223879-AF97-46D2-A4DF-4838CB4ECA72}.Release|Any CPU.Build.0 = Release|Any CPU
	EndGlobalSection
	GlobalSection(SolutionProperties) = preSolution
		HideSolutionNode = FALSE
	EndGlobalSection
EndGlobal
