
Microsoft Visual Studio Solution File, Format Version 11.00
# Visual Studio 2010
Project("{8BC9CEB8-8B4A-11D0-8D11-00A0C91BC942}") = "SignHashWithPersistedKeys", "SignHashWithPersistedKeys.vcxproj", "{7C7D7928-DD61-4ED5-BA35-2EA2EF203FDE}"
EndProject
Global
	GlobalSection(SolutionConfigurationPlatforms) = preSolution
		Debug|Win32 = Debug|Win32
		Release|Win32 = Release|Win32
	EndGlobalSection
	GlobalSection(ProjectConfigurationPlatforms) = postSolution
		{7C7D7928-DD61-4ED5-BA35-2EA2EF203FDE}.Debug|Win32.ActiveCfg = Debug|Win32
		{7C7D7928-DD61-4ED5-BA35-2EA2EF203FDE}.Debug|Win32.Build.0 = Debug|Win32
		{7C7D7928-DD61-4ED5-BA35-2EA2EF203FDE}.Release|Win32.ActiveCfg = Release|Win32
		{7C7D7928-DD61-4ED5-BA35-2EA2EF203FDE}.Release|Win32.Build.0 = Release|Win32
	EndGlobalSection
	GlobalSection(SolutionProperties) = preSolution
		HideSolutionNode = FALSE
	EndGlobalSection
EndGlobal
