
Microsoft Visual Studio Solution File, Format Version 11.00
# Visual Studio 2012
Project("{FAE04EC0-301F-11D3-BF4B-00C04F79EFBC}") = "Serialization03", "Serialization03.csproj", "{D45C1996-DBFA-4EE8-A82E-8891273AF915}"
EndProject
Global
	GlobalSection(SolutionConfigurationPlatforms) = preSolution
		Debug|Any CPU = Debug|Any CPU
		Release|Any CPU = Release|Any CPU
	EndGlobalSection
	GlobalSection(ProjectConfigurationPlatforms) = postSolution
		{D45C1996-DBFA-4EE8-A82E-8891273AF915}.Debug|Any CPU.ActiveCfg = Debug|Any CPU
		{D45C1996-DBFA-4EE8-A82E-8891273AF915}.Debug|Any CPU.Build.0 = Debug|Any CPU
		{D45C1996-DBFA-4EE8-A82E-8891273AF915}.Release|Any CPU.ActiveCfg = Release|Any CPU
		{D45C1996-DBFA-4EE8-A82E-8891273AF915}.Release|Any CPU.Build.0 = Release|Any CPU
	EndGlobalSection
	GlobalSection(SolutionProperties) = preSolution
		HideSolutionNode = FALSE
	EndGlobalSection
EndGlobal
