
Microsoft Visual Studio Solution File, Format Version 10.00
# Visual Studio 2008
Project("{8BC9CEB8-8B4A-11D0-8D11-00A0C91BC942}") = "Filter", "Filter.vcproj", "{E4C0277C-3ED4-48E0-AE92-940CB3512FEE}"
EndProject
Global
	GlobalSection(SolutionConfigurationPlatforms) = preSolution
		Debug|Win32 = Debug|Win32
		Release|Win32 = Release|Win32
	EndGlobalSection
	GlobalSection(ProjectConfigurationPlatforms) = postSolution
		{E4C0277C-3ED4-48E0-AE92-940CB3512FEE}.Debug|Win32.ActiveCfg = Debug|Win32
		{E4C0277C-3ED4-48E0-AE92-940CB3512FEE}.Debug|Win32.Build.0 = Debug|Win32
		{E4C0277C-3ED4-48E0-AE92-940CB3512FEE}.Release|Win32.ActiveCfg = Release|Win32
		{E4C0277C-3ED4-48E0-AE92-940CB3512FEE}.Release|Win32.Build.0 = Release|Win32
	EndGlobalSection
	GlobalSection(SolutionProperties) = preSolution
		HideSolutionNode = FALSE
	EndGlobalSection
EndGlobal
