
Microsoft Visual Studio Solution File, Format Version 10.00
# Visual Studio 2008
Project("{8BC9CEB8-8B4A-11D0-8D11-00A0C91BC942}") = "WSManShellPlugin", "WSManShellPlugin.vcproj", "{14A72FCE-C30B-41A3-A0A9-46E5F4BEE206}"
EndProject
Global
	GlobalSection(SolutionConfigurationPlatforms) = preSolution
		Debug|Win32 = Debug|Win32
		Release|Win32 = Release|Win32
	EndGlobalSection
	GlobalSection(ProjectConfigurationPlatforms) = postSolution
		{14A72FCE-C30B-41A3-A0A9-46E5F4BEE206}.Debug|Win32.ActiveCfg = Debug|Win32
		{14A72FCE-C30B-41A3-A0A9-46E5F4BEE206}.Debug|Win32.Build.0 = Debug|Win32
		{14A72FCE-C30B-41A3-A0A9-46E5F4BEE206}.Release|Win32.ActiveCfg = Release|Win32
		{14A72FCE-C30B-41A3-A0A9-46E5F4BEE206}.Release|Win32.Build.0 = Release|Win32
	EndGlobalSection
	GlobalSection(SolutionProperties) = preSolution
		HideSolutionNode = FALSE
	EndGlobalSection
EndGlobal
