
Microsoft Visual Studio Solution File, Format Version 10.00
# Visual Studio 2008
Project("{8BC9CEB8-8B4A-11D0-8D11-00A0C91BC942}") = "Rename", "Rename.vcproj", "{230A3970-BF78-4A76-BED7-C34A7C83320B}"
EndProject
Global
	GlobalSection(SolutionConfigurationPlatforms) = preSolution
		Debug|Win32 = Debug|Win32
		Release|Win32 = Release|Win32
	EndGlobalSection
	GlobalSection(ProjectConfigurationPlatforms) = postSolution
		{230A3970-BF78-4A76-BED7-C34A7C83320B}.Debug|Win32.ActiveCfg = Debug|Win32
		{230A3970-BF78-4A76-BED7-C34A7C83320B}.Debug|Win32.Build.0 = Debug|Win32
		{230A3970-BF78-4A76-BED7-C34A7C83320B}.Release|Win32.ActiveCfg = Release|Win32
		{230A3970-BF78-4A76-BED7-C34A7C83320B}.Release|Win32.Build.0 = Release|Win32
	EndGlobalSection
	GlobalSection(SolutionProperties) = preSolution
		HideSolutionNode = FALSE
	EndGlobalSection
EndGlobal
