
Microsoft Visual Studio Solution File, Format Version 9.00
# Visual Studio 2005
Project("{8BC9CEB8-8B4A-11D0-8D11-00A0C91BC942}") = "TextService-Step03", "TextService-Step03.vcproj", "{E7B9B534-EA15-49A2-ADB3-08602D522D2F}"
EndProject
Global
	GlobalSection(SolutionConfigurationPlatforms) = preSolution
		Debug|Win32 = Debug|Win32
		Release|Win32 = Release|Win32
	EndGlobalSection
	GlobalSection(ProjectConfigurationPlatforms) = postSolution
		{E7B9B534-EA15-49A2-ADB3-08602D522D2F}.Debug|Win32.ActiveCfg = Debug|Win32
		{E7B9B534-EA15-49A2-ADB3-08602D522D2F}.Debug|Win32.Build.0 = Debug|Win32
		{E7B9B534-EA15-49A2-ADB3-08602D522D2F}.Release|Win32.ActiveCfg = Release|Win32
		{E7B9B534-EA15-49A2-ADB3-08602D522D2F}.Release|Win32.Build.0 = Release|Win32
	EndGlobalSection
	GlobalSection(SolutionProperties) = preSolution
		HideSolutionNode = FALSE
	EndGlobalSection
EndGlobal
