Microsoft Visual Studio Solution File, Format Version 9.00
# Visual Studio 2005
Project("{8BC9CEB8-8B4A-11D0-8D11-00A0C91BC942}") = "AdvClient", "AdvClient.vcproj", "{CB982F11-DDA0-47CC-B54F-49934CF200F1}"
EndProject
Global
	GlobalSection(SolutionConfigurationPlatforms) = preSolution
		ANSI Debug|Win32 = ANSI Debug|Win32
		ANSI Release|Win32 = ANSI Release|Win32
		Debug|Win32 = Debug|Win32
		Release|Win32 = Release|Win32
	EndGlobalSection
	GlobalSection(ProjectConfigurationPlatforms) = postSolution
		{CB982F11-DDA0-47CC-B54F-49934CF200F1}.ANSI Debug|Win32.ActiveCfg = ANSI Debug|Win32
		{CB982F11-DDA0-47CC-B54F-49934CF200F1}.ANSI Debug|Win32.Build.0 = ANSI Debug|Win32
		{CB982F11-DDA0-47CC-B54F-49934CF200F1}.ANSI Release|Win32.ActiveCfg = ANSI Release|Win32
		{CB982F11-DDA0-47CC-B54F-49934CF200F1}.ANSI Release|Win32.Build.0 = ANSI Release|Win32
		{CB982F11-DDA0-47CC-B54F-49934CF200F1}.Debug|Win32.ActiveCfg = Debug|Win32
		{CB982F11-DDA0-47CC-B54F-49934CF200F1}.Debug|Win32.Build.0 = Debug|Win32
		{CB982F11-DDA0-47CC-B54F-49934CF200F1}.Release|Win32.ActiveCfg = Release|Win32
		{CB982F11-DDA0-47CC-B54F-49934CF200F1}.Release|Win32.Build.0 = Release|Win32
	EndGlobalSection
	GlobalSection(SolutionProperties) = preSolution
		HideSolutionNode = FALSE
	EndGlobalSection
EndGlobal
