
Microsoft Visual Studio Solution File, Format Version 11.00
# Visual Studio 2010
Project("{FAE04EC0-301F-11D3-BF4B-00C04F79EFBC}") = "BasicPlugins", "BasicPlugins.csproj", "{861C2EFA-3641-4648-BE54-54950B7824CB}"
EndProject
Global
	GlobalSection(SolutionConfigurationPlatforms) = preSolution
		Debug|Any CPU = Debug|Any CPU
		Release|Any CPU = Release|Any CPU
	EndGlobalSection
	GlobalSection(ProjectConfigurationPlatforms) = postSolution
		{861C2EFA-3641-4648-BE54-54950B7824CB}.Debug|Any CPU.ActiveCfg = Debug|Any CPU
		{861C2EFA-3641-4648-BE54-54950B7824CB}.Debug|Any CPU.Build.0 = Debug|Any CPU
		{861C2EFA-3641-4648-BE54-54950B7824CB}.Release|Any CPU.ActiveCfg = Release|Any CPU
		{861C2EFA-3641-4648-BE54-54950B7824CB}.Release|Any CPU.Build.0 = Release|Any CPU
	EndGlobalSection
	GlobalSection(SolutionProperties) = preSolution
		HideSolutionNode = FALSE
	EndGlobalSection
EndGlobal
