
Microsoft Visual Studio Solution File, Format Version 9.00
# Visual Studio 2005
Project("{8BC9CEB8-8B4A-11D0-8D11-00A0C91BC942}") = "DComPerm", "DComPerm.vcproj", "{334632F1-1A1D-439D-AB91-49AE33FBEBE7}"
EndProject
Global
	GlobalSection(SolutionConfigurationPlatforms) = preSolution
		Debug|Win32 = Debug|Win32
		Release|Win32 = Release|Win32
	EndGlobalSection
	GlobalSection(ProjectConfigurationPlatforms) = postSolution
		{334632F1-1A1D-439D-AB91-49AE33FBEBE7}.Debug|Win32.ActiveCfg = Release|Win32
		{334632F1-1A1D-439D-AB91-49AE33FBEBE7}.Debug|Win32.Build.0 = Release|Win32
		{334632F1-1A1D-439D-AB91-49AE33FBEBE7}.Release|Win32.ActiveCfg = Release|Win32
		{334632F1-1A1D-439D-AB91-49AE33FBEBE7}.Release|Win32.Build.0 = Release|Win32
	EndGlobalSection
	GlobalSection(SolutionProperties) = preSolution
		HideSolutionNode = FALSE
	EndGlobalSection
EndGlobal
