
Microsoft Visual Studio Solution File, Format Version 12.00
# Visual Studio 14
VisualStudioVersion = 14.0.25420.1
MinimumVisualStudioVersion = 10.0.40219.1
Project("{FAE04EC0-301F-11D3-BF4B-00C04F79EFBC}") = "RadialControllerWinForms", "RadialControllerWinForms.csproj", "{EC3CC1B0-642F-45B3-9F6C-2077A6794F07}"
EndProject
Global
	GlobalSection(SolutionConfigurationPlatforms) = preSolution
		Debug|Any CPU = Debug|Any CPU
		Debug|x64 = Debug|x64
		Release|Any CPU = Release|Any CPU
		Release|x64 = Release|x64
	EndGlobalSection
	GlobalSection(ProjectConfigurationPlatforms) = postSolution
		{EC3CC1B0-642F-45B3-9F6C-2077A6794F07}.Debug|Any CPU.ActiveCfg = Debug|Any CPU
		{EC3CC1B0-642F-45B3-9F6C-2077A6794F07}.Debug|Any CPU.Build.0 = Debug|Any CPU
		{EC3CC1B0-642F-45B3-9F6C-2077A6794F07}.Debug|x64.ActiveCfg = Debug|Any CPU
		{EC3CC1B0-642F-45B3-9F6C-2077A6794F07}.Debug|x64.Build.0 = Debug|Any CPU
		{EC3CC1B0-642F-45B3-9F6C-2077A6794F07}.Release|Any CPU.ActiveCfg = Release|Any CPU
		{EC3CC1B0-642F-45B3-9F6C-2077A6794F07}.Release|Any CPU.Build.0 = Release|Any CPU
		{EC3CC1B0-642F-45B3-9F6C-2077A6794F07}.Release|x64.ActiveCfg = Release|Any CPU
		{EC3CC1B0-642F-45B3-9F6C-2077A6794F07}.Release|x64.Build.0 = Release|Any CPU
	EndGlobalSection
	GlobalSection(SolutionProperties) = preSolution
		HideSolutionNode = FALSE
	EndGlobalSection
EndGlobal
