
Microsoft Visual Studio Solution File, Format Version 9.00
# Visual Studio 2005
Project("{8BC9CEB8-8B4A-11D0-8D11-00A0C91BC942}") = "ClipBook Server", "ClipBook Server.vcproj", "{21FEED2C-194A-4A02-B480-B6596FB14D42}"
EndProject
Global
	GlobalSection(SolutionConfigurationPlatforms) = preSolution
		Debug|Win32 = Debug|Win32
		Release|Win32 = Release|Win32
	EndGlobalSection
	GlobalSection(ProjectConfigurationPlatforms) = postSolution
		{21FEED2C-194A-4A02-B480-B6596FB14D42}.Debug|Win32.ActiveCfg = Debug|Win32
		{21FEED2C-194A-4A02-B480-B6596FB14D42}.Debug|Win32.Build.0 = Debug|Win32
		{21FEED2C-194A-4A02-B480-B6596FB14D42}.Release|Win32.ActiveCfg = Release|Win32
		{21FEED2C-194A-4A02-B480-B6596FB14D42}.Release|Win32.Build.0 = Release|Win32
	EndGlobalSection
	GlobalSection(SolutionProperties) = preSolution
		HideSolutionNode = FALSE
	EndGlobalSection
EndGlobal
