
Microsoft Visual Studio Solution File, Format Version 12.00
# Visual Studio 11
Project("{8BC9CEB8-8B4A-11D0-8D11-00A0C91BC942}") = "IdnSample", "IdnSample.vcxproj", "{3453CFF7-FD87-41C8-ADA8-D88CE8E884BB}"
EndProject
Global
	GlobalSection(SolutionConfigurationPlatforms) = preSolution
		Debug|Win32 = Debug|Win32
		Release|Win32 = Release|Win32
	EndGlobalSection
	GlobalSection(ProjectConfigurationPlatforms) = postSolution
		{3453CFF7-FD87-41C8-ADA8-D88CE8E884BB}.Debug|Win32.ActiveCfg = Debug|Win32
		{3453CFF7-FD87-41C8-ADA8-D88CE8E884BB}.Debug|Win32.Build.0 = Debug|Win32
		{3453CFF7-FD87-41C8-ADA8-D88CE8E884BB}.Release|Win32.ActiveCfg = Release|Win32
		{3453CFF7-FD87-41C8-ADA8-D88CE8E884BB}.Release|Win32.Build.0 = Release|Win32
	EndGlobalSection
	GlobalSection(SolutionProperties) = preSolution
		HideSolutionNode = FALSE
	EndGlobalSection
EndGlobal
