Microsoft Visual Studio Solution File, Format Version 7.00
Project("{8BC9CEB8-8B4A-11D0-8D11-00A0C91BC942}") = "readcli", "readcli.vcproj", "{ABCEECE0-2580-49D1-B5DE-62CA812FDB4F}"
EndProject
Global
	GlobalSection(SolutionConfiguration) = preSolution
		ConfigName.0 = Debug
		ConfigName.1 = Release
	EndGlobalSection
	GlobalSection(ProjectDependencies) = postSolution
	EndGlobalSection
	GlobalSection(ProjectConfiguration) = postSolution
		{ABCEECE0-2580-49D1-B5DE-62CA812FDB4F}.Debug.ActiveCfg = Debug|Win32
		{ABCEECE0-2580-49D1-B5DE-62CA812FDB4F}.Debug.Build.0 = Debug|Win32
		{ABCEECE0-2580-49D1-B5DE-62CA812FDB4F}.Release.ActiveCfg = Release|Win32
		{ABCEECE0-2580-49D1-B5DE-62CA812FDB4F}.Release.Build.0 = Release|Win32
	EndGlobalSection
	GlobalSection(ExtensibilityGlobals) = postSolution
	EndGlobalSection
	GlobalSection(ExtensibilityAddIns) = postSolution
	EndGlobalSection
EndGlobal
