
Microsoft Visual Studio Solution File, Format Version 10.00
# Visual Studio 2008
Project("{8BC9CEB8-8B4A-11D0-8D11-00A0C91BC942}") = "Parent", "Parent.vcproj", "{DFFE40A5-86CA-4C99-A097-2E9BD39FF72B}"
EndProject
Global
	GlobalSection(SolutionConfigurationPlatforms) = preSolution
		Debug|Win32 = Debug|Win32
		Release|Win32 = Release|Win32
	EndGlobalSection
	GlobalSection(ProjectConfigurationPlatforms) = postSolution
		{DFFE40A5-86CA-4C99-A097-2E9BD39FF72B}.Debug|Win32.ActiveCfg = Debug|Win32
		{DFFE40A5-86CA-4C99-A097-2E9BD39FF72B}.Debug|Win32.Build.0 = Debug|Win32
		{DFFE40A5-86CA-4C99-A097-2E9BD39FF72B}.Release|Win32.ActiveCfg = Release|Win32
		{DFFE40A5-86CA-4C99-A097-2E9BD39FF72B}.Release|Win32.Build.0 = Release|Win32
	EndGlobalSection
	GlobalSection(SolutionProperties) = preSolution
		HideSolutionNode = FALSE
	EndGlobalSection
EndGlobal
