Microsoft Visual Studio Solution File, Format Version 9.00
# Visual Studio 2005
Project("{FAE04EC0-301F-11D3-BF4B-00C04F79EFBC}") = "InkDivider", "InkDivider.csproj", "{4E91013D-4B17-4D25-8227-7B10AA2F5883}"
EndProject
Global
	GlobalSection(SolutionConfigurationPlatforms) = preSolution
		Debug|Any CPU = Debug|Any CPU
		Release|Any CPU = Release|Any CPU
	EndGlobalSection
	GlobalSection(ProjectConfigurationPlatforms) = postSolution
		{4E91013D-4B17-4D25-8227-7B10AA2F5883}.Debug|Any CPU.ActiveCfg = Debug|Any CPU
		{4E91013D-4B17-4D25-8227-7B10AA2F5883}.Debug|Any CPU.Build.0 = Debug|Any CPU
		{4E91013D-4B17-4D25-8227-7B10AA2F5883}.Release|Any CPU.ActiveCfg = Release|Any CPU
		{4E91013D-4B17-4D25-8227-7B10AA2F5883}.Release|Any CPU.Build.0 = Release|Any CPU
	EndGlobalSection
	GlobalSection(SolutionProperties) = preSolution
		HideSolutionNode = FALSE
	EndGlobalSection
EndGlobal
