
Microsoft Visual Studio Solution File, Format Version 9.00
# Visual Studio 2005
Project("{8BC9CEB8-8B4A-11D0-8D11-00A0C91BC942}") = "GroupChat", "GroupChat.vcproj", "{53323DD1-8F1B-4B55-83E8-5DBC3DFE5E3A}"
EndProject
Global
	GlobalSection(SolutionConfigurationPlatforms) = preSolution
		Debug|Win32 = Debug|Win32
		Debug|x64 = Debug|x64
		Release|Win32 = Release|Win32
		Release|x64 = Release|x64
	EndGlobalSection
	GlobalSection(ProjectConfigurationPlatforms) = postSolution
		{53323DD1-8F1B-4B55-83E8-5DBC3DFE5E3A}.Debug|Win32.ActiveCfg = Debug|Win32
		{53323DD1-8F1B-4B55-83E8-5DBC3DFE5E3A}.Debug|Win32.Build.0 = Debug|Win32
		{53323DD1-8F1B-4B55-83E8-5DBC3DFE5E3A}.Debug|x64.ActiveCfg = Debug|x64
		{53323DD1-8F1B-4B55-83E8-5DBC3DFE5E3A}.Debug|x64.Build.0 = Debug|x64
		{53323DD1-8F1B-4B55-83E8-5DBC3DFE5E3A}.Release|Win32.ActiveCfg = Release|Win32
		{53323DD1-8F1B-4B55-83E8-5DBC3DFE5E3A}.Release|Win32.Build.0 = Release|Win32
		{53323DD1-8F1B-4B55-83E8-5DBC3DFE5E3A}.Release|x64.ActiveCfg = Release|x64
		{53323DD1-8F1B-4B55-83E8-5DBC3DFE5E3A}.Release|x64.Build.0 = Release|x64
	EndGlobalSection
	GlobalSection(SolutionProperties) = preSolution
		HideSolutionNode = FALSE
	EndGlobalSection
EndGlobal
