
Microsoft Visual Studio Solution File, Format Version 9.00
# Visual Studio 2005
Project("{8BC9CEB8-8B4A-11D0-8D11-00A0C91BC942}") = "async", "async.vcproj", "{4409414B-F90E-4F1C-A3D3-A8C50387137A}"
EndProject
Global
	GlobalSection(SolutionConfigurationPlatforms) = preSolution
		Debug|Win32 = Debug|Win32
		Release|Win32 = Release|Win32
	EndGlobalSection
	GlobalSection(ProjectConfigurationPlatforms) = postSolution
		{4409414B-F90E-4F1C-A3D3-A8C50387137A}.Debug|Win32.ActiveCfg = Debug|Win32
		{4409414B-F90E-4F1C-A3D3-A8C50387137A}.Debug|Win32.Build.0 = Debug|Win32
		{4409414B-F90E-4F1C-A3D3-A8C50387137A}.Release|Win32.ActiveCfg = Release|Win32
		{4409414B-F90E-4F1C-A3D3-A8C50387137A}.Release|Win32.Build.0 = Release|Win32
	EndGlobalSection
	GlobalSection(SolutionProperties) = preSolution
		HideSolutionNode = FALSE
	EndGlobalSection
EndGlobal
