
Microsoft Visual Studio Solution File, Format Version 12.00
# Visual Studio 11
Project("{8BC9CEB8-8B4A-11D0-8D11-00A0C91BC942}") = "CodeSigning", "CodeSigning.vcxproj", "{D1B7ABBB-7E5A-5C26-6359-9C787142BDA1}"
EndProject
Global
	GlobalSection(SolutionConfigurationPlatforms) = preSolution
		Debug|Win32 = Debug|Win32
		Release|Win32 = Release|Win32
	EndGlobalSection
	GlobalSection(ProjectConfigurationPlatforms) = postSolution
		{D1B7ABBB-7E5A-5C26-6359-9C787142BDA1}.Debug|Win32.ActiveCfg = Debug|Win32
		{D1B7ABBB-7E5A-5C26-6359-9C787142BDA1}.Debug|Win32.Build.0 = Debug|Win32
		{D1B7ABBB-7E5A-5C26-6359-9C787142BDA1}.Release|Win32.ActiveCfg = Release|Win32
		{D1B7ABBB-7E5A-5C26-6359-9C787142BDA1}.Release|Win32.Build.0 = Release|Win32
	EndGlobalSection
	GlobalSection(SolutionProperties) = preSolution
		HideSolutionNode = FALSE
	EndGlobalSection
EndGlobal
