
Microsoft Visual Studio Solution File, Format Version 10.00
# Visual Studio 2008
Project("{8BC9CEB8-8B4A-11D0-8D11-00A0C91BC942}") = "XpsRollup", "XpsRollup.vcproj", "{52EECE89-6139-416F-AE76-D7DFCA13FCDA}"
EndProject
Global
	GlobalSection(SolutionConfigurationPlatforms) = preSolution
		Debug|Win32 = Debug|Win32
		Release|Win32 = Release|Win32
	EndGlobalSection
	GlobalSection(ProjectConfigurationPlatforms) = postSolution
		{52EECE89-6139-416F-AE76-D7DFCA13FCDA}.Debug|Win32.ActiveCfg = Debug|Win32
		{52EECE89-6139-416F-AE76-D7DFCA13FCDA}.Debug|Win32.Build.0 = Debug|Win32
		{52EECE89-6139-416F-AE76-D7DFCA13FCDA}.Release|Win32.ActiveCfg = Release|Win32
		{52EECE89-6139-416F-AE76-D7DFCA13FCDA}.Release|Win32.Build.0 = Release|Win32
	EndGlobalSection
	GlobalSection(SolutionProperties) = preSolution
		HideSolutionNode = FALSE
	EndGlobalSection
EndGlobal
