
Microsoft Visual Studio Solution File, Format Version 9.00
# Visual Studio 2005
Project("{8BC9CEB8-8B4A-11D0-8D11-00A0C91BC942}") = "MultiUI", "MultiUI.vcproj", "{154E0487-B8E6-4260-A49A-6D337037AEA6}"
EndProject
Global
	GlobalSection(SolutionConfigurationPlatforms) = preSolution
		Debug|Win32 = Debug|Win32
		Release|Win32 = Release|Win32
	EndGlobalSection
	GlobalSection(ProjectConfigurationPlatforms) = postSolution
		{154E0487-B8E6-4260-A49A-6D337037AEA6}.Debug|Win32.ActiveCfg = Debug|Win32
		{154E0487-B8E6-4260-A49A-6D337037AEA6}.Debug|Win32.Build.0 = Debug|Win32
		{154E0487-B8E6-4260-A49A-6D337037AEA6}.Release|Win32.ActiveCfg = Release|Win32
		{154E0487-B8E6-4260-A49A-6D337037AEA6}.Release|Win32.Build.0 = Release|Win32
	EndGlobalSection
	GlobalSection(SolutionProperties) = preSolution
		HideSolutionNode = FALSE
	EndGlobalSection
EndGlobal
