
Microsoft Visual Studio Solution File, Format Version 12.00
# Visual Studio 11
Project("{FAE04EC0-301F-11D3-BF4B-00C04F79EFBC}") = "EffectiveAccess", "EffectiveAccess.csproj", "{28147CBC-410A-4925-887F-64D2DC4F0E3B}"
EndProject
Global
	GlobalSection(SolutionConfigurationPlatforms) = preSolution
		Debug|Any CPU = Debug|Any CPU
		Release|Any CPU = Release|Any CPU
	EndGlobalSection
	GlobalSection(ProjectConfigurationPlatforms) = postSolution
		{28147CBC-410A-4925-887F-64D2DC4F0E3B}.Debug|Any CPU.ActiveCfg = Debug|Any CPU
		{28147CBC-410A-4925-887F-64D2DC4F0E3B}.Debug|Any CPU.Build.0 = Debug|Any CPU
		{28147CBC-410A-4925-887F-64D2DC4F0E3B}.Release|Any CPU.ActiveCfg = Release|Any CPU
		{28147CBC-410A-4925-887F-64D2DC4F0E3B}.Release|Any CPU.Build.0 = Release|Any CPU
	EndGlobalSection
	GlobalSection(SolutionProperties) = preSolution
		HideSolutionNode = FALSE
	EndGlobalSection
EndGlobal
