
Microsoft Visual Studio Solution File, Format Version 12.00
# Visual Studio 11
Project("{8BC9CEB8-8B4A-11D0-8D11-00A0C91BC942}") = "removepolicyrange", "removepolicyrange.vcxproj", "{8DA81527-854B-4F9A-A7D6-A362BE95D2FE}"
EndProject
Global
	GlobalSection(SolutionConfigurationPlatforms) = preSolution
		Debug|x64 = Debug|x64
		Release|x64 = Release|x64
	EndGlobalSection
	GlobalSection(ProjectConfigurationPlatforms) = postSolution
		{8DA81527-854B-4F9A-A7D6-A362BE95D2FE}.Debug|x64.ActiveCfg = Debug|x64
		{8DA81527-854B-4F9A-A7D6-A362BE95D2FE}.Debug|x64.Build.0 = Debug|x64
		{8DA81527-854B-4F9A-A7D6-A362BE95D2FE}.Release|x64.ActiveCfg = Release|x64
		{8DA81527-854B-4F9A-A7D6-A362BE95D2FE}.Release|x64.Build.0 = Release|x64
	EndGlobalSection
	GlobalSection(SolutionProperties) = preSolution
		HideSolutionNode = FALSE
	EndGlobalSection
EndGlobal
