
Microsoft Visual Studio Solution File, Format Version 12.00
# Visual Studio 11
Project("{8BC9CEB8-8B4A-11D0-8D11-00A0C91BC942}") = "TRANSFERPOLICY", "TRANSFERPOLICY.vcxproj", "{669A975F-4443-4DAE-88C3-AD3758B0BE60}"
EndProject
Global
	GlobalSection(SolutionConfigurationPlatforms) = preSolution
		Debug|Win32 = Debug|Win32
		Release|Win32 = Release|Win32
	EndGlobalSection
	GlobalSection(ProjectConfigurationPlatforms) = postSolution
		{669A975F-4443-4DAE-88C3-AD3758B0BE60}.Debug|Win32.ActiveCfg = Debug|Win32
		{669A975F-4443-4DAE-88C3-AD3758B0BE60}.Debug|Win32.Build.0 = Debug|Win32
		{669A975F-4443-4DAE-88C3-AD3758B0BE60}.Debug|Win32.Deploy.0 = Debug|Win32
		{669A975F-4443-4DAE-88C3-AD3758B0BE60}.Release|Win32.ActiveCfg = Release|Win32
		{669A975F-4443-4DAE-88C3-AD3758B0BE60}.Release|Win32.Build.0 = Release|Win32
		{669A975F-4443-4DAE-88C3-AD3758B0BE60}.Release|Win32.Deploy.0 = Release|Win32
	EndGlobalSection
	GlobalSection(SolutionProperties) = preSolution
		HideSolutionNode = FALSE
	EndGlobalSection
EndGlobal
