
Microsoft Visual Studio Solution File, Format Version 11.00
# Visual Studio 2012
Project("{FAE04EC0-301F-11D3-BF4B-00C04F79EFBC}") = "AccessDBProviderSample01", "AccessDBProviderSample01.csproj", "{B776F0B2-79B7-465D-9C31-0A0B1B88548D}"
EndProject
Global
	GlobalSection(SolutionConfigurationPlatforms) = preSolution
		Debug|Any CPU = Debug|Any CPU
		Release|Any CPU = Release|Any CPU
	EndGlobalSection
	GlobalSection(ProjectConfigurationPlatforms) = postSolution
		{B776F0B2-79B7-465D-9C31-0A0B1B88548D}.Debug|Any CPU.ActiveCfg = Debug|Any CPU
		{B776F0B2-79B7-465D-9C31-0A0B1B88548D}.Debug|Any CPU.Build.0 = Debug|Any CPU
		{B776F0B2-79B7-465D-9C31-0A0B1B88548D}.Release|Any CPU.ActiveCfg = Release|Any CPU
		{B776F0B2-79B7-465D-9C31-0A0B1B88548D}.Release|Any CPU.Build.0 = Release|Any CPU
	EndGlobalSection
	GlobalSection(SolutionProperties) = preSolution
		HideSolutionNode = FALSE
	EndGlobalSection
EndGlobal
