
Microsoft Visual Studio Solution File, Format Version 10.00
# Visual Studio 2008
Project("{8BC9CEB8-8B4A-11D0-8D11-00A0C91BC942}") = "CWMFExReceiver", "CWMFExReceiver\CWMFExReceiver.vcproj", "{51CEEC2F-78ED-43B7-BF74-D8EF8183437B}"
EndProject
Project("{8BC9CEB8-8B4A-11D0-8D11-00A0C91BC942}") = "CWMFExSender", "CWMFExSender\CWMFExSender.vcproj", "{DA7B28C2-497B-44BB-957B-728FE9BA3AF6}"
EndProject
Global
	GlobalSection(SolutionConfigurationPlatforms) = preSolution
		Debug|Win32 = Debug|Win32
		Debug|x64 = Debug|x64
		Release|Win32 = Release|Win32
		Release|x64 = Release|x64
	EndGlobalSection
	GlobalSection(ProjectConfigurationPlatforms) = postSolution
		{51CEEC2F-78ED-43B7-BF74-D8EF8183437B}.Debug|Win32.ActiveCfg = Debug|Win32
		{51CEEC2F-78ED-43B7-BF74-D8EF8183437B}.Debug|Win32.Build.0 = Debug|Win32
		{51CEEC2F-78ED-43B7-BF74-D8EF8183437B}.Debug|x64.ActiveCfg = Debug|x64
		{51CEEC2F-78ED-43B7-BF74-D8EF8183437B}.Debug|x64.Build.0 = Debug|x64
		{51CEEC2F-78ED-43B7-BF74-D8EF8183437B}.Release|Win32.ActiveCfg = Release|Win32
		{51CEEC2F-78ED-43B7-BF74-D8EF8183437B}.Release|Win32.Build.0 = Release|Win32
		{51CEEC2F-78ED-43B7-BF74-D8EF8183437B}.Release|x64.ActiveCfg = Release|x64
		{51CEEC2F-78ED-43B7-BF74-D8EF8183437B}.Release|x64.Build.0 = Release|x64
		{DA7B28C2-497B-44BB-957B-728FE9BA3AF6}.Debug|Win32.ActiveCfg = Debug|Win32
		{DA7B28C2-497B-44BB-957B-728FE9BA3AF6}.Debug|Win32.Build.0 = Debug|Win32
		{DA7B28C2-497B-44BB-957B-728FE9BA3AF6}.Debug|x64.ActiveCfg = Debug|x64
		{DA7B28C2-497B-44BB-957B-728FE9BA3AF6}.Debug|x64.Build.0 = Debug|x64
		{DA7B28C2-497B-44BB-957B-728FE9BA3AF6}.Release|Win32.ActiveCfg = Release|Win32
		{DA7B28C2-497B-44BB-957B-728FE9BA3AF6}.Release|Win32.Build.0 = Release|Win32
		{DA7B28C2-497B-44BB-957B-728FE9BA3AF6}.Release|x64.ActiveCfg = Release|x64
		{DA7B28C2-497B-44BB-957B-728FE9BA3AF6}.Release|x64.Build.0 = Release|x64
	EndGlobalSection
	GlobalSection(SolutionProperties) = preSolution
		HideSolutionNode = FALSE
	EndGlobalSection
EndGlobal
