
Microsoft Visual Studio Solution File, Format Version 10.00
# Visual Studio 2008
Project("{8BC9CEB8-8B4A-11D0-8D11-00A0C91BC942}") = "RegDevice", "RegDevice.vcproj", "{402C60BF-F256-4C33-B24F-8BA44D5776B9}"
EndProject
Global
	GlobalSection(SolutionConfigurationPlatforms) = preSolution
		Debug|Win32 = Debug|Win32
		Debug|x64 = Debug|x64
		Release|Win32 = Release|Win32
		Release|x64 = Release|x64
	EndGlobalSection
	GlobalSection(ProjectConfigurationPlatforms) = postSolution
		{402C60BF-F256-4C33-B24F-8BA44D5776B9}.Debug|Win32.ActiveCfg = Debug|Win32
		{402C60BF-F256-4C33-B24F-8BA44D5776B9}.Debug|Win32.Build.0 = Debug|Win32
		{402C60BF-F256-4C33-B24F-8BA44D5776B9}.Debug|x64.ActiveCfg = Debug|x64
		{402C60BF-F256-4C33-B24F-8BA44D5776B9}.Debug|x64.Build.0 = Debug|x64
		{402C60BF-F256-4C33-B24F-8BA44D5776B9}.Release|Win32.ActiveCfg = Release|Win32
		{402C60BF-F256-4C33-B24F-8BA44D5776B9}.Release|Win32.Build.0 = Release|Win32
		{402C60BF-F256-4C33-B24F-8BA44D5776B9}.Release|x64.ActiveCfg = Release|x64
		{402C60BF-F256-4C33-B24F-8BA44D5776B9}.Release|x64.Build.0 = Release|x64
	EndGlobalSection
	GlobalSection(SolutionProperties) = preSolution
		HideSolutionNode = FALSE
	EndGlobalSection
EndGlobal
