Microsoft Visual Studio Solution File, Format Version 9.00
# Visual Studio 2005
Project("{FAE04EC0-301F-11D3-BF4B-00C04F79EFBC}") = "CSharp_Draw", "CSharp_Draw.csproj", "{952BBB32-1AB2-4343-9641-6912DA6E17AB}"
EndProject
Global
	GlobalSection(SolutionConfigurationPlatforms) = preSolution
		Debug|Any CPU = Debug|Any CPU
		Release|Any CPU = Release|Any CPU
	EndGlobalSection
	GlobalSection(ProjectConfigurationPlatforms) = postSolution
		{952BBB32-1AB2-4343-9641-6912DA6E17AB}.Debug|Any CPU.ActiveCfg = Debug|Any CPU
		{952BBB32-1AB2-4343-9641-6912DA6E17AB}.Debug|Any CPU.Build.0 = Debug|Any CPU
		{952BBB32-1AB2-4343-9641-6912DA6E17AB}.Release|Any CPU.ActiveCfg = Release|Any CPU
		{952BBB32-1AB2-4343-9641-6912DA6E17AB}.Release|Any CPU.Build.0 = Release|Any CPU
	EndGlobalSection
	GlobalSection(SolutionProperties) = preSolution
		HideSolutionNode = FALSE
	EndGlobalSection
EndGlobal
