
Microsoft Visual Studio Solution File, Format Version 9.00
# Visual Studio 2005
Project("{F184B08F-C81C-45F6-A57F-5ABD9991F28F}") = "OutboundRouting", "OutboundRouting.vbproj", "{28B47260-3585-4DD9-B39F-69A4B95C35C5}"
EndProject
Global
	GlobalSection(SolutionConfigurationPlatforms) = preSolution
		Debug|Any CPU = Debug|Any CPU
		Release|Any CPU = Release|Any CPU
	EndGlobalSection
	GlobalSection(ProjectConfigurationPlatforms) = postSolution
		{28B47260-3585-4DD9-B39F-69A4B95C35C5}.Debug|Any CPU.ActiveCfg = Debug|Any CPU
		{28B47260-3585-4DD9-B39F-69A4B95C35C5}.Debug|Any CPU.Build.0 = Debug|Any CPU
		{28B47260-3585-4DD9-B39F-69A4B95C35C5}.Release|Any CPU.ActiveCfg = Release|Any CPU
		{28B47260-3585-4DD9-B39F-69A4B95C35C5}.Release|Any CPU.Build.0 = Release|Any CPU
	EndGlobalSection
	GlobalSection(SolutionProperties) = preSolution
		HideSolutionNode = FALSE
	EndGlobalSection
EndGlobal
