
Microsoft Visual Studio Solution File, Format Version 12.00
# Visual Studio 11
Project("{8BC9CEB8-8B4A-11D0-8D11-00A0C91BC942}") = "querynodes", "querynodes.vcxproj", "{BBF77F2B-CF91-4431-80B1-61D927EDF2E4}"
EndProject
Global
	GlobalSection(SolutionConfigurationPlatforms) = preSolution
		Debug|Win32 = Debug|Win32
		Release|Win32 = Release|Win32
	EndGlobalSection
	GlobalSection(ProjectConfigurationPlatforms) = postSolution
		{BBF77F2B-CF91-4431-80B1-61D927EDF2E4}.Debug|Win32.ActiveCfg = Debug|Win32
		{BBF77F2B-CF91-4431-80B1-61D927EDF2E4}.Debug|Win32.Build.0 = Debug|Win32
		{BBF77F2B-CF91-4431-80B1-61D927EDF2E4}.Release|Win32.ActiveCfg = Release|Win32
		{BBF77F2B-CF91-4431-80B1-61D927EDF2E4}.Release|Win32.Build.0 = Release|Win32
	EndGlobalSection
	GlobalSection(SolutionProperties) = preSolution
		HideSolutionNode = FALSE
	EndGlobalSection
EndGlobal
