
Microsoft Visual Studio Solution File, Format Version 12.00
# Visual Studio 2012

##
##  <copyright file="WSSDashboard.sln" company="Microsoft">
##    Copyright (C) Microsoft. All rights reserved.
##  </copyright>
##

Project("{2150E333-8FDC-42A3-9474-1A3956D46DE8}") = "Homepage", "Homepage", "{018B148E-7A4E-4F1E-8310-C672F887F1A9}"
EndProject
Project("{2150E333-8FDC-42A3-9474-1A3956D46DE8}") = "CommonTasks", "CommonTasks", "{0BDB60A5-5F30-4512-B38D-439D9A5E8FA2}"
EndProject
Project("{2150E333-8FDC-42A3-9474-1A3956D46DE8}") = "StandaloneXml", "StandaloneXml", "{8BA54E4A-5769-41A4-957F-337FF474A89E}"
	ProjectSection(SolutionItems) = preProject
		WSSHomepageCommonTasks\StandaloneXml\Image.png = WSSHomepageCommonTasks\StandaloneXml\Image.png
		WSSHomepageCommonTasks\StandaloneXml\readme.txt = WSSHomepageCommonTasks\StandaloneXml\readme.txt
		WSSHomepageCommonTasks\StandaloneXml\WindowsUpdatesHomePageTask.home = WSSHomepageCommonTasks\StandaloneXml\WindowsUpdatesHomePageTask.home
	EndProjectSection
EndProject
Project("{2150E333-8FDC-42A3-9474-1A3956D46DE8}") = "XmlInDll", "XmlInDll", "{E079CA3B-7D05-4ADE-AB50-8F23CAC85FEB}"
EndProject
Project("{FAE04EC0-301F-11D3-BF4B-00C04F79EFBC}") = "WindowsUpdatesTask", "WSSHomepageCommonTasks\XmlInDll\WindowsUpdatesTask.csproj", "{70CB6298-CDD2-4DD2-9494-88DA2426E326}"
EndProject
Project("{2150E333-8FDC-42A3-9474-1A3956D46DE8}") = "CommunityLinks", "CommunityLinks", "{B63B67E0-07C4-4B74-B67E-DC62F7B905FC}"
	ProjectSection(SolutionItems) = preProject
		WSSHomepageCommunity\readme.txt = WSSHomepageCommunity\readme.txt
		WSSHomepageCommunity\Sample.home = WSSHomepageCommunity\Sample.home
	EndProjectSection
EndProject
Project("{2150E333-8FDC-42A3-9474-1A3956D46DE8}") = "QuickStatus", "QuickStatus", "{4A777088-623D-42B6-8B14-092783F49A7E}"
EndProject
Project("{FAE04EC0-301F-11D3-BF4B-00C04F79EFBC}") = "CancellableAsyncQuickStatus", "WSSHomepageQuickStatus\CancellableAsyncQuickStatus\CancellableAsyncQuickStatus.csproj", "{AB50604C-9175-409B-8E3A-38E69B11815E}"
EndProject
Project("{FAE04EC0-301F-11D3-BF4B-00C04F79EFBC}") = "SyncQuickStatus", "WSSHomepageQuickStatus\SyncQuickStatus\SyncQuickStatus.csproj", "{136E3FB2-8D9B-45B4-A752-636DF661588D}"
EndProject
Project("{2150E333-8FDC-42A3-9474-1A3956D46DE8}") = "SubTabs", "SubTabs", "{C4C8A6D6-BBEC-411F-B294-9118D0A1753D}"
EndProject
Project("{FAE04EC0-301F-11D3-BF4B-00C04F79EFBC}") = "WSSSubTabListviewSample", "WSSSubTabListviewSample\WSSSubTabListviewSample.csproj", "{EC70F68E-3949-4BB9-92A6-586F17CB74C4}"
EndProject
Project("{FAE04EC0-301F-11D3-BF4B-00C04F79EFBC}") = "WSSSubTabWinFormsSample", "WSSSubTabWinFormsSample\WSSSubTabWinFormsSample.csproj", "{234A3534-2D2B-46AE-93E2-7DD8CC98791C}"
EndProject
Project("{FAE04EC0-301F-11D3-BF4B-00C04F79EFBC}") = "WSSSubTabWPFSample", "WSSSubTabWPFSample\WSSSubTabWPFSample.csproj", "{61BC8FB7-23F9-4E34-9368-2696039497F2}"
EndProject
Project("{2150E333-8FDC-42A3-9474-1A3956D46DE8}") = "TopLevelTabs", "TopLevelTabs", "{AC4DA271-B224-4645-9E8E-36A055AE5CCD}"
EndProject
Project("{2150E333-8FDC-42A3-9474-1A3956D46DE8}") = "SingleSubTab", "SingleSubTab", "{5C223CDB-2B4F-44A3-99A0-38F499D82720}"
EndProject
Project("{2150E333-8FDC-42A3-9474-1A3956D46DE8}") = "MultipleSubTabs", "MultipleSubTabs", "{34697918-129D-4199-8871-18D8F4793BE3}"
EndProject
Project("{FAE04EC0-301F-11D3-BF4B-00C04F79EFBC}") = "TopLevelTab", "WSSTopLevelTabListViewSample\TopLevelTab\TopLevelTab.csproj", "{A5C0F872-9943-456D-BAD6-66220B82AAE4}"
EndProject
Project("{FAE04EC0-301F-11D3-BF4B-00C04F79EFBC}") = "ListViewSubTab", "WSSTopLevelTabListViewSample\ListViewSubTab\ListViewSubTab.csproj", "{92F1EDEA-A335-40A7-9718-408031C142F6}"
EndProject
Project("{FAE04EC0-301F-11D3-BF4B-00C04F79EFBC}") = "TopLevelTab", "WSSTopLevelTabTwoSubTabsSample\TopLevelTab\TopLevelTab.csproj", "{EDDB2499-1C5C-4D6B-80B8-73BD9D5AFA04}"
EndProject
Project("{FAE04EC0-301F-11D3-BF4B-00C04F79EFBC}") = "ListViewSubTab", "WSSTopLevelTabTwoSubTabsSample\ListViewSubTab\ListViewSubTab.csproj", "{810D9946-C36A-423D-8C19-7896F3B1718F}"
EndProject
Project("{2150E333-8FDC-42A3-9474-1A3956D46DE8}") = "CustomControl", "CustomControl", "{91FFEB31-E683-4742-A028-649DF787868F}"
EndProject
Project("{FAE04EC0-301F-11D3-BF4B-00C04F79EFBC}") = "WSSTopLevelTabWinformsSample", "WSSTopLevelTabWinformsSample\WSSTopLevelTabWinformsSample.csproj", "{5B391FFF-6D26-4515-B809-DF1F43C35ACF}"
EndProject
Project("{FAE04EC0-301F-11D3-BF4B-00C04F79EFBC}") = "WSSTopLevelTabWPFSample", "WSSTopLevelTabWPFSample\WSSTopLevelTabWPFSample.csproj", "{45B9BCB6-8F22-4833-AD7B-F40C38012B94}"
EndProject
Project("{2150E333-8FDC-42A3-9474-1A3956D46DE8}") = "TabExtend", "TabExtend", "{25C4269C-7944-42FD-8193-B3AB76B0EDA1}"
EndProject
Project("{FAE04EC0-301F-11D3-BF4B-00C04F79EFBC}") = "WSSTabExtenderSample", "WSSTabExtenderSample\WSSTabExtenderSample.csproj", "{018B6292-338E-4A60-8014-9275E8C9C981}"
EndProject
Project("{2150E333-8FDC-42A3-9474-1A3956D46DE8}") = "UsersTabExtension", "UsersTabExtension", "{A5FFD1F2-9CCD-4714-9E44-D0524FBC619A}"
	ProjectSection(SolutionItems) = preProject
		WSSUserExtensions\readme.txt = WSSUserExtensions\readme.txt
		WSSUserExtensions\Sample.proplink = WSSUserExtensions\Sample.proplink
	EndProjectSection
EndProject
Global
	GlobalSection(SolutionConfigurationPlatforms) = preSolution
		Debug|Any CPU = Debug|Any CPU
		Debug|x64 = Debug|x64
		Release|Any CPU = Release|Any CPU
		Release|x64 = Release|x64
	EndGlobalSection
	GlobalSection(ProjectConfigurationPlatforms) = postSolution
		{70CB6298-CDD2-4DD2-9494-88DA2426E326}.Debug|Any CPU.ActiveCfg = Debug|Any CPU
		{70CB6298-CDD2-4DD2-9494-88DA2426E326}.Debug|Any CPU.Build.0 = Debug|Any CPU
		{70CB6298-CDD2-4DD2-9494-88DA2426E326}.Debug|x64.ActiveCfg = Debug|Any CPU
		{70CB6298-CDD2-4DD2-9494-88DA2426E326}.Release|Any CPU.ActiveCfg = Release|Any CPU
		{70CB6298-CDD2-4DD2-9494-88DA2426E326}.Release|Any CPU.Build.0 = Release|Any CPU
		{70CB6298-CDD2-4DD2-9494-88DA2426E326}.Release|x64.ActiveCfg = Release|Any CPU
		{AB50604C-9175-409B-8E3A-38E69B11815E}.Debug|Any CPU.ActiveCfg = Debug|Any CPU
		{AB50604C-9175-409B-8E3A-38E69B11815E}.Debug|Any CPU.Build.0 = Debug|Any CPU
		{AB50604C-9175-409B-8E3A-38E69B11815E}.Debug|x64.ActiveCfg = Debug|Any CPU
		{AB50604C-9175-409B-8E3A-38E69B11815E}.Release|Any CPU.ActiveCfg = Release|Any CPU
		{AB50604C-9175-409B-8E3A-38E69B11815E}.Release|Any CPU.Build.0 = Release|Any CPU
		{AB50604C-9175-409B-8E3A-38E69B11815E}.Release|x64.ActiveCfg = Release|Any CPU
		{136E3FB2-8D9B-45B4-A752-636DF661588D}.Debug|Any CPU.ActiveCfg = Debug|Any CPU
		{136E3FB2-8D9B-45B4-A752-636DF661588D}.Debug|Any CPU.Build.0 = Debug|Any CPU
		{136E3FB2-8D9B-45B4-A752-636DF661588D}.Debug|x64.ActiveCfg = Debug|Any CPU
		{136E3FB2-8D9B-45B4-A752-636DF661588D}.Release|Any CPU.ActiveCfg = Release|Any CPU
		{136E3FB2-8D9B-45B4-A752-636DF661588D}.Release|Any CPU.Build.0 = Release|Any CPU
		{136E3FB2-8D9B-45B4-A752-636DF661588D}.Release|x64.ActiveCfg = Release|Any CPU
		{EC70F68E-3949-4BB9-92A6-586F17CB74C4}.Debug|Any CPU.ActiveCfg = Debug|Any CPU
		{EC70F68E-3949-4BB9-92A6-586F17CB74C4}.Debug|Any CPU.Build.0 = Debug|Any CPU
		{EC70F68E-3949-4BB9-92A6-586F17CB74C4}.Debug|x64.ActiveCfg = Debug|Any CPU
		{EC70F68E-3949-4BB9-92A6-586F17CB74C4}.Release|Any CPU.ActiveCfg = Release|Any CPU
		{EC70F68E-3949-4BB9-92A6-586F17CB74C4}.Release|Any CPU.Build.0 = Release|Any CPU
		{EC70F68E-3949-4BB9-92A6-586F17CB74C4}.Release|x64.ActiveCfg = Release|Any CPU
		{234A3534-2D2B-46AE-93E2-7DD8CC98791C}.Debug|Any CPU.ActiveCfg = Debug|Any CPU
		{234A3534-2D2B-46AE-93E2-7DD8CC98791C}.Debug|Any CPU.Build.0 = Debug|Any CPU
		{234A3534-2D2B-46AE-93E2-7DD8CC98791C}.Debug|x64.ActiveCfg = Debug|Any CPU
		{234A3534-2D2B-46AE-93E2-7DD8CC98791C}.Release|Any CPU.ActiveCfg = Release|Any CPU
		{234A3534-2D2B-46AE-93E2-7DD8CC98791C}.Release|Any CPU.Build.0 = Release|Any CPU
		{234A3534-2D2B-46AE-93E2-7DD8CC98791C}.Release|x64.ActiveCfg = Release|Any CPU
		{61BC8FB7-23F9-4E34-9368-2696039497F2}.Debug|Any CPU.ActiveCfg = Debug|Any CPU
		{61BC8FB7-23F9-4E34-9368-2696039497F2}.Debug|Any CPU.Build.0 = Debug|Any CPU
		{61BC8FB7-23F9-4E34-9368-2696039497F2}.Debug|x64.ActiveCfg = Debug|Any CPU
		{61BC8FB7-23F9-4E34-9368-2696039497F2}.Release|Any CPU.ActiveCfg = Release|Any CPU
		{61BC8FB7-23F9-4E34-9368-2696039497F2}.Release|Any CPU.Build.0 = Release|Any CPU
		{61BC8FB7-23F9-4E34-9368-2696039497F2}.Release|x64.ActiveCfg = Release|Any CPU
		{A5C0F872-9943-456D-BAD6-66220B82AAE4}.Debug|Any CPU.ActiveCfg = Debug|Any CPU
		{A5C0F872-9943-456D-BAD6-66220B82AAE4}.Debug|Any CPU.Build.0 = Debug|Any CPU
		{A5C0F872-9943-456D-BAD6-66220B82AAE4}.Debug|x64.ActiveCfg = Debug|Any CPU
		{A5C0F872-9943-456D-BAD6-66220B82AAE4}.Release|Any CPU.ActiveCfg = Release|Any CPU
		{A5C0F872-9943-456D-BAD6-66220B82AAE4}.Release|Any CPU.Build.0 = Release|Any CPU
		{A5C0F872-9943-456D-BAD6-66220B82AAE4}.Release|x64.ActiveCfg = Release|Any CPU
		{92F1EDEA-A335-40A7-9718-408031C142F6}.Debug|Any CPU.ActiveCfg = Debug|Any CPU
		{92F1EDEA-A335-40A7-9718-408031C142F6}.Debug|Any CPU.Build.0 = Debug|Any CPU
		{92F1EDEA-A335-40A7-9718-408031C142F6}.Debug|x64.ActiveCfg = Debug|Any CPU
		{92F1EDEA-A335-40A7-9718-408031C142F6}.Release|Any CPU.ActiveCfg = Release|Any CPU
		{92F1EDEA-A335-40A7-9718-408031C142F6}.Release|Any CPU.Build.0 = Release|Any CPU
		{92F1EDEA-A335-40A7-9718-408031C142F6}.Release|x64.ActiveCfg = Release|Any CPU
		{EDDB2499-1C5C-4D6B-80B8-73BD9D5AFA04}.Debug|Any CPU.ActiveCfg = Debug|Any CPU
		{EDDB2499-1C5C-4D6B-80B8-73BD9D5AFA04}.Debug|Any CPU.Build.0 = Debug|Any CPU
		{EDDB2499-1C5C-4D6B-80B8-73BD9D5AFA04}.Debug|x64.ActiveCfg = Debug|Any CPU
		{EDDB2499-1C5C-4D6B-80B8-73BD9D5AFA04}.Release|Any CPU.ActiveCfg = Release|Any CPU
		{EDDB2499-1C5C-4D6B-80B8-73BD9D5AFA04}.Release|Any CPU.Build.0 = Release|Any CPU
		{EDDB2499-1C5C-4D6B-80B8-73BD9D5AFA04}.Release|x64.ActiveCfg = Release|Any CPU
		{810D9946-C36A-423D-8C19-7896F3B1718F}.Debug|Any CPU.ActiveCfg = Debug|Any CPU
		{810D9946-C36A-423D-8C19-7896F3B1718F}.Debug|Any CPU.Build.0 = Debug|Any CPU
		{810D9946-C36A-423D-8C19-7896F3B1718F}.Debug|x64.ActiveCfg = Debug|Any CPU
		{810D9946-C36A-423D-8C19-7896F3B1718F}.Release|Any CPU.ActiveCfg = Release|Any CPU
		{810D9946-C36A-423D-8C19-7896F3B1718F}.Release|Any CPU.Build.0 = Release|Any CPU
		{810D9946-C36A-423D-8C19-7896F3B1718F}.Release|x64.ActiveCfg = Release|Any CPU
		{5B391FFF-6D26-4515-B809-DF1F43C35ACF}.Debug|Any CPU.ActiveCfg = Debug|Any CPU
		{5B391FFF-6D26-4515-B809-DF1F43C35ACF}.Debug|Any CPU.Build.0 = Debug|Any CPU
		{5B391FFF-6D26-4515-B809-DF1F43C35ACF}.Debug|x64.ActiveCfg = Debug|Any CPU
		{5B391FFF-6D26-4515-B809-DF1F43C35ACF}.Release|Any CPU.ActiveCfg = Release|Any CPU
		{5B391FFF-6D26-4515-B809-DF1F43C35ACF}.Release|Any CPU.Build.0 = Release|Any CPU
		{5B391FFF-6D26-4515-B809-DF1F43C35ACF}.Release|x64.ActiveCfg = Release|Any CPU
		{45B9BCB6-8F22-4833-AD7B-F40C38012B94}.Debug|Any CPU.ActiveCfg = Debug|Any CPU
		{45B9BCB6-8F22-4833-AD7B-F40C38012B94}.Debug|Any CPU.Build.0 = Debug|Any CPU
		{45B9BCB6-8F22-4833-AD7B-F40C38012B94}.Debug|x64.ActiveCfg = Debug|x64
		{45B9BCB6-8F22-4833-AD7B-F40C38012B94}.Debug|x64.Build.0 = Debug|x64
		{45B9BCB6-8F22-4833-AD7B-F40C38012B94}.Release|Any CPU.ActiveCfg = Release|Any CPU
		{45B9BCB6-8F22-4833-AD7B-F40C38012B94}.Release|Any CPU.Build.0 = Release|Any CPU
		{45B9BCB6-8F22-4833-AD7B-F40C38012B94}.Release|x64.ActiveCfg = Release|x64
		{45B9BCB6-8F22-4833-AD7B-F40C38012B94}.Release|x64.Build.0 = Release|x64
		{018B6292-338E-4A60-8014-9275E8C9C981}.Debug|Any CPU.ActiveCfg = Debug|Any CPU
		{018B6292-338E-4A60-8014-9275E8C9C981}.Debug|Any CPU.Build.0 = Debug|Any CPU
		{018B6292-338E-4A60-8014-9275E8C9C981}.Debug|x64.ActiveCfg = Debug|Any CPU
		{018B6292-338E-4A60-8014-9275E8C9C981}.Release|Any CPU.ActiveCfg = Release|Any CPU
		{018B6292-338E-4A60-8014-9275E8C9C981}.Release|Any CPU.Build.0 = Release|Any CPU
		{018B6292-338E-4A60-8014-9275E8C9C981}.Release|x64.ActiveCfg = Release|Any CPU
	EndGlobalSection
	GlobalSection(SolutionProperties) = preSolution
		HideSolutionNode = FALSE
	EndGlobalSection
	GlobalSection(NestedProjects) = preSolution
		{0BDB60A5-5F30-4512-B38D-439D9A5E8FA2} = {018B148E-7A4E-4F1E-8310-C672F887F1A9}
		{B63B67E0-07C4-4B74-B67E-DC62F7B905FC} = {018B148E-7A4E-4F1E-8310-C672F887F1A9}
		{4A777088-623D-42B6-8B14-092783F49A7E} = {018B148E-7A4E-4F1E-8310-C672F887F1A9}
		{8BA54E4A-5769-41A4-957F-337FF474A89E} = {0BDB60A5-5F30-4512-B38D-439D9A5E8FA2}
		{E079CA3B-7D05-4ADE-AB50-8F23CAC85FEB} = {0BDB60A5-5F30-4512-B38D-439D9A5E8FA2}
		{70CB6298-CDD2-4DD2-9494-88DA2426E326} = {E079CA3B-7D05-4ADE-AB50-8F23CAC85FEB}
		{AB50604C-9175-409B-8E3A-38E69B11815E} = {4A777088-623D-42B6-8B14-092783F49A7E}
		{136E3FB2-8D9B-45B4-A752-636DF661588D} = {4A777088-623D-42B6-8B14-092783F49A7E}
		{EC70F68E-3949-4BB9-92A6-586F17CB74C4} = {C4C8A6D6-BBEC-411F-B294-9118D0A1753D}
		{234A3534-2D2B-46AE-93E2-7DD8CC98791C} = {C4C8A6D6-BBEC-411F-B294-9118D0A1753D}
		{61BC8FB7-23F9-4E34-9368-2696039497F2} = {C4C8A6D6-BBEC-411F-B294-9118D0A1753D}
		{5C223CDB-2B4F-44A3-99A0-38F499D82720} = {AC4DA271-B224-4645-9E8E-36A055AE5CCD}
		{34697918-129D-4199-8871-18D8F4793BE3} = {AC4DA271-B224-4645-9E8E-36A055AE5CCD}
		{91FFEB31-E683-4742-A028-649DF787868F} = {AC4DA271-B224-4645-9E8E-36A055AE5CCD}
		{A5C0F872-9943-456D-BAD6-66220B82AAE4} = {5C223CDB-2B4F-44A3-99A0-38F499D82720}
		{92F1EDEA-A335-40A7-9718-408031C142F6} = {5C223CDB-2B4F-44A3-99A0-38F499D82720}
		{EDDB2499-1C5C-4D6B-80B8-73BD9D5AFA04} = {34697918-129D-4199-8871-18D8F4793BE3}
		{810D9946-C36A-423D-8C19-7896F3B1718F} = {34697918-129D-4199-8871-18D8F4793BE3}
		{5B391FFF-6D26-4515-B809-DF1F43C35ACF} = {91FFEB31-E683-4742-A028-649DF787868F}
		{45B9BCB6-8F22-4833-AD7B-F40C38012B94} = {91FFEB31-E683-4742-A028-649DF787868F}
		{018B6292-338E-4A60-8014-9275E8C9C981} = {25C4269C-7944-42FD-8193-B3AB76B0EDA1}
		{A5FFD1F2-9CCD-4714-9E44-D0524FBC619A} = {25C4269C-7944-42FD-8193-B3AB76B0EDA1}
	EndGlobalSection
EndGlobal
