
Microsoft Visual Studio Solution File, Format Version 9.00
# Visual Studio 2005
Project("{8BC9CEB8-8B4A-11D0-8D11-00A0C91BC942}") = "TsfPad-Step2", "TsfPad-Step2.vcproj", "{591932AA-A8A4-47E3-A1B7-B805B76EC8AB}"
EndProject
Global
	GlobalSection(SolutionConfigurationPlatforms) = preSolution
		Debug|Win32 = Debug|Win32
		Release|Win32 = Release|Win32
	EndGlobalSection
	GlobalSection(ProjectConfigurationPlatforms) = postSolution
		{591932AA-A8A4-47E3-A1B7-B805B76EC8AB}.Debug|Win32.ActiveCfg = Debug|Win32
		{591932AA-A8A4-47E3-A1B7-B805B76EC8AB}.Debug|Win32.Build.0 = Debug|Win32
		{591932AA-A8A4-47E3-A1B7-B805B76EC8AB}.Release|Win32.ActiveCfg = Release|Win32
		{591932AA-A8A4-47E3-A1B7-B805B76EC8AB}.Release|Win32.Build.0 = Release|Win32
	EndGlobalSection
	GlobalSection(SolutionProperties) = preSolution
		HideSolutionNode = FALSE
	EndGlobalSection
EndGlobal
