Microsoft Visual Studio Solution File, Format Version 9.00
# Visual Studio 2005
Project("{8BC9CEB8-8B4A-11D0-8D11-00A0C91BC942}") = "DSSeekFm", "DSSeekFm.vcproj", "{8093ADAE-8DAD-4DD1-B59E-869277AC3E60}"
EndProject
Global
	GlobalSection(SolutionConfigurationPlatforms) = preSolution
		Debug|Win32 = Debug|Win32
		Release|Win32 = Release|Win32
	EndGlobalSection
	GlobalSection(ProjectConfigurationPlatforms) = postSolution
		{8093ADAE-8DAD-4DD1-B59E-869277AC3E60}.Debug|Win32.ActiveCfg = Debug|Win32
		{8093ADAE-8DAD-4DD1-B59E-869277AC3E60}.Debug|Win32.Build.0 = Debug|Win32
		{8093ADAE-8DAD-4DD1-B59E-869277AC3E60}.Release|Win32.ActiveCfg = Release|Win32
		{8093ADAE-8DAD-4DD1-B59E-869277AC3E60}.Release|Win32.Build.0 = Release|Win32
	EndGlobalSection
	GlobalSection(SolutionProperties) = preSolution
		HideSolutionNode = FALSE
	EndGlobalSection
EndGlobal
