<?xml version="1.0" encoding="utf-8"?>
<Project ToolsVersion="4.0" xmlns="http://schemas.microsoft.com/developer/msbuild/2003">
  <ItemGroup>
    <Filter Include="Source Files">
      <UniqueIdentifier>{4FC737F1-C7A5-4376-A066-2A32D752A2FF}</UniqueIdentifier>
      <Extensions>cpp;c;cc;cxx;def;odl;idl;hpj;bat;asm;asmx</Extensions>
    </Filter>
    <Filter Include="Header Files">
      <UniqueIdentifier>{93995380-89BD-4b04-88EB-625FBE52EBFB}</UniqueIdentifier>
      <Extensions>h;hpp;hxx;hm;inl;inc;xsd</Extensions>
    </Filter>
    <Filter Include="Resource Files">
      <UniqueIdentifier>{67DA6AB6-F800-4c08-8B7A-83BB121AAD01}</UniqueIdentifier>
      <Extensions>rc;ico;cur;bmp;dlg;rc2;rct;bin;rgs;gif;jpg;jpeg;jpe;resx;tiff;tif;png;wav;mfcribbon-ms</Extensions>
    </Filter>
    <Filter Include="Dictionary">
      <UniqueIdentifier>{fe9b9e3e-f048-48b1-ae0b-718fc88cff49}</UniqueIdentifier>
    </Filter>
  </ItemGroup>
  <ItemGroup>
    <None Include="SampleIME.def">
      <Filter>Source Files</Filter>
    </None>
    <None Include="Dictionary\SampleIMESimplifiedQuanPin.txt">
      <Filter>Dictionary</Filter>
    </None>
    <None Include="image\SampleIme.ico">
      <Filter>Resource Files</Filter>
    </None>
    <None Include="image\ImeModeOn.ico">
      <Filter>Resource Files</Filter>
    </None>
    <None Include="image\ImeModeOff.ico">
      <Filter>Resource Files</Filter>
    </None>
    <None Include="image\DoubleSingleByteOn.ico">
      <Filter>Resource Files</Filter>
    </None>
    <None Include="image\DoubleSingleByteOff.ico">
      <Filter>Resource Files</Filter>
    </None>
    <None Include="image\PunctuationOn.ico">
      <Filter>Resource Files</Filter>
    </None>
    <None Include="image\PunctuationOff.ico">
      <Filter>Resource Files</Filter>
    </None>
  </ItemGroup>
  <ItemGroup>
    <ClInclude Include="BaseDictionaryEngine.h">
      <Filter>Header Files</Filter>
    </ClInclude>
    <ClInclude Include="BaseWindow.h">
      <Filter>Header Files</Filter>
    </ClInclude>
    <ClInclude Include="ButtonWindow.h">
      <Filter>Header Files</Filter>
    </ClInclude>
    <ClInclude Include="CandidateWindow.h">
      <Filter>Header Files</Filter>
    </ClInclude>
    <ClInclude Include="Compartment.h">
      <Filter>Header Files</Filter>
    </ClInclude>
    <ClInclude Include="CompositionProcessorEngine.h">
      <Filter>Header Files</Filter>
    </ClInclude>
    <ClInclude Include="DictionaryParser.h">
      <Filter>Header Files</Filter>
    </ClInclude>
    <ClInclude Include="DictionarySearch.h">
      <Filter>Header Files</Filter>
    </ClInclude>
    <ClInclude Include="DisplayAttributeInfo.h">
      <Filter>Header Files</Filter>
    </ClInclude>
    <ClInclude Include="EditSession.h">
      <Filter>Header Files</Filter>
    </ClInclude>
    <ClInclude Include="EnumDisplayAttributeInfo.h">
      <Filter>Header Files</Filter>
    </ClInclude>
    <ClInclude Include="File.h">
      <Filter>Header Files</Filter>
    </ClInclude>
    <ClInclude Include="FileMapping.h">
      <Filter>Header Files</Filter>
    </ClInclude>
    <ClInclude Include="GetTextExtentEditSession.h">
      <Filter>Header Files</Filter>
    </ClInclude>
    <ClInclude Include="Globals.h">
      <Filter>Header Files</Filter>
    </ClInclude>
    <ClInclude Include="KeyHandlerEditSession.h">
      <Filter>Header Files</Filter>
    </ClInclude>
    <ClInclude Include="LanguageBar.h">
      <Filter>Header Files</Filter>
    </ClInclude>
    <ClInclude Include="Private.h">
      <Filter>Header Files</Filter>
    </ClInclude>
    <ClInclude Include="RegKey.h">
      <Filter>Header Files</Filter>
    </ClInclude>
    <ClInclude Include="resource.h">
      <Filter>Header Files</Filter>
    </ClInclude>
    <ClInclude Include="ScrollBarWindow.h">
      <Filter>Header Files</Filter>
    </ClInclude>
    <ClInclude Include="ShadowWindow.h">
      <Filter>Header Files</Filter>
    </ClInclude>
    <ClInclude Include="TableDictionaryEngine.h">
      <Filter>Header Files</Filter>
    </ClInclude>
    <ClInclude Include="TfInputProcessorProfile.h">
      <Filter>Header Files</Filter>
    </ClInclude>
    <ClInclude Include="TfTextLayoutSink.h">
      <Filter>Header Files</Filter>
    </ClInclude>
    <ClInclude Include="SampleIME.h">
      <Filter>Header Files</Filter>
    </ClInclude>
    <ClInclude Include="SearchCandidateProvider.h">
      <Filter>Header Files</Filter>
    </ClInclude>
    <ClInclude Include="TipCandidateList.h">
      <Filter>Header Files</Filter>
    </ClInclude>
    <ClInclude Include="EnumTfCandidates.h">
      <Filter>Header Files</Filter>
    </ClInclude>
    <ClInclude Include="TipCandidateString.h">
      <Filter>Header Files</Filter>
    </ClInclude>
    <ClInclude Include="KeyStateCategory.h">
      <Filter>Header Files</Filter>
    </ClInclude>
    <ClInclude Include="stdafx.h">
      <Filter>Header Files</Filter>
    </ClInclude>
    <ClInclude Include="CandidateListUIPresenter.h">
      <Filter>Header Files</Filter>
    </ClInclude>
    <ClInclude Include="SampleIMEBaseStructure.h">
      <Filter>Header Files</Filter>
    </ClInclude>
    <ClInclude Include="define.h">
      <Filter>Header Files</Filter>
    </ClInclude>
  </ItemGroup>
  <ItemGroup>
    <ClCompile Include="ActiveLanguageProfileNotifySink.cpp">
      <Filter>Source Files</Filter>
    </ClCompile>
    <ClCompile Include="BaseDictionaryEngine.cpp">
      <Filter>Source Files</Filter>
    </ClCompile>
    <ClCompile Include="BaseWindow.cpp">
      <Filter>Source Files</Filter>
    </ClCompile>
    <ClCompile Include="ButtonWindow.cpp">
      <Filter>Source Files</Filter>
    </ClCompile>
    <ClCompile Include="CandidateWindow.cpp">
      <Filter>Source Files</Filter>
    </ClCompile>
    <ClCompile Include="Compartment.cpp">
      <Filter>Source Files</Filter>
    </ClCompile>
    <ClCompile Include="Composition.cpp">
      <Filter>Source Files</Filter>
    </ClCompile>
    <ClCompile Include="CompositionProcessorEngine.cpp">
      <Filter>Source Files</Filter>
    </ClCompile>
    <ClCompile Include="DictionaryParser.cpp">
      <Filter>Source Files</Filter>
    </ClCompile>
    <ClCompile Include="DictionarySearch.cpp">
      <Filter>Source Files</Filter>
    </ClCompile>
    <ClCompile Include="DisplayAttribute.cpp">
      <Filter>Source Files</Filter>
    </ClCompile>
    <ClCompile Include="DisplayAttributeInfo.cpp">
      <Filter>Source Files</Filter>
    </ClCompile>
    <ClCompile Include="DisplayAttributeProvider.cpp">
      <Filter>Source Files</Filter>
    </ClCompile>
    <ClCompile Include="DllMain.cpp">
      <Filter>Source Files</Filter>
    </ClCompile>
    <ClCompile Include="EditSession.cpp">
      <Filter>Source Files</Filter>
    </ClCompile>
    <ClCompile Include="EndComposition.cpp">
      <Filter>Source Files</Filter>
    </ClCompile>
    <ClCompile Include="EnumDisplayAttributeInfo.cpp">
      <Filter>Source Files</Filter>
    </ClCompile>
    <ClCompile Include="File.cpp">
      <Filter>Source Files</Filter>
    </ClCompile>
    <ClCompile Include="FileMapping.cpp">
      <Filter>Source Files</Filter>
    </ClCompile>
    <ClCompile Include="GetTextExtentEditSession.cpp">
      <Filter>Source Files</Filter>
    </ClCompile>
    <ClCompile Include="Globals.cpp">
      <Filter>Source Files</Filter>
    </ClCompile>
    <ClCompile Include="KeyEventSink.cpp">
      <Filter>Source Files</Filter>
    </ClCompile>
    <ClCompile Include="KeyHandler.cpp">
      <Filter>Source Files</Filter>
    </ClCompile>
    <ClCompile Include="KeyHandlerEditSession.cpp">
      <Filter>Source Files</Filter>
    </ClCompile>
    <ClCompile Include="LanguageBar.cpp">
      <Filter>Source Files</Filter>
    </ClCompile>
    <ClCompile Include="Register.cpp">
      <Filter>Source Files</Filter>
    </ClCompile>
    <ClCompile Include="RegKey.cpp">
      <Filter>Source Files</Filter>
    </ClCompile>
    <ClCompile Include="ScrollBarWindow.cpp">
      <Filter>Source Files</Filter>
    </ClCompile>
    <ClCompile Include="Server.cpp">
      <Filter>Source Files</Filter>
    </ClCompile>
    <ClCompile Include="ShadowWindow.cpp">
      <Filter>Source Files</Filter>
    </ClCompile>
    <ClCompile Include="StartComposition.cpp">
      <Filter>Source Files</Filter>
    </ClCompile>
    <ClCompile Include="TableDictionaryEngine.cpp">
      <Filter>Source Files</Filter>
    </ClCompile>
    <ClCompile Include="TextEditSink.cpp">
      <Filter>Source Files</Filter>
    </ClCompile>
    <ClCompile Include="TfInputProcessorProfile.cpp">
      <Filter>Source Files</Filter>
    </ClCompile>
    <ClCompile Include="TfTextLayoutSink.cpp">
      <Filter>Source Files</Filter>
    </ClCompile>
    <ClCompile Include="ThreadFocusSink.cpp">
      <Filter>Source Files</Filter>
    </ClCompile>
    <ClCompile Include="ThreadMgrEventSink.cpp">
      <Filter>Source Files</Filter>
    </ClCompile>
    <ClCompile Include="SampleIME.cpp">
      <Filter>Source Files</Filter>
    </ClCompile>
    <ClCompile Include="FunctionProviderSink.cpp">
      <Filter>Source Files</Filter>
    </ClCompile>
    <ClCompile Include="SearchCandidateProvider.cpp">
      <Filter>Source Files</Filter>
    </ClCompile>
    <ClCompile Include="TipCandidateList.cpp">
      <Filter>Source Files</Filter>
    </ClCompile>
    <ClCompile Include="EnumTfCandidates.cpp">
      <Filter>Source Files</Filter>
    </ClCompile>
    <ClCompile Include="TipCandidateString.cpp">
      <Filter>Source Files</Filter>
    </ClCompile>
    <ClCompile Include="KeyStateCategory.cpp">
      <Filter>Source Files</Filter>
    </ClCompile>
    <ClCompile Include="CandidateListUIPresenter.cpp">
      <Filter>Source Files</Filter>
    </ClCompile>
    <ClCompile Include="SampleIMEBaseStructure.cpp">
      <Filter>Source Files</Filter>
    </ClCompile>
  </ItemGroup>
  <ItemGroup>
    <ResourceCompile Include="SampleIME.rc">
      <Filter>Resource Files</Filter>
    </ResourceCompile>
  </ItemGroup>
</Project>