
Microsoft Visual Studio Solution File, Format Version 12.00
# Visual Studio Version 17
VisualStudioVersion = 17.9.34728.123
MinimumVisualStudioVersion = 10.0.40219.1
Project("{8BC9CEB8-8B4A-11D0-8D11-00A0C91BC942}") = "PersonalDataEncryption", "PersonalDataEncryption.vcxproj", "{774485F3-27FC-4803-B090-70766D4837E1}"
EndProject
Global
	GlobalSection(SolutionConfigurationPlatforms) = preSolution
		Debug|x64 = Debug|x64
		Debug|x86 = Debug|x86
		Release|x64 = Release|x64
		Release|x86 = Release|x86
	EndGlobalSection
	GlobalSection(ProjectConfigurationPlatforms) = postSolution
		{774485F3-27FC-4803-B090-70766D4837E1}.Debug|x64.ActiveCfg = Debug|x64
		{774485F3-27FC-4803-B090-70766D4837E1}.Debug|x64.Build.0 = Debug|x64
		{774485F3-27FC-4803-B090-70766D4837E1}.Debug|x86.ActiveCfg = Debug|Win32
		{774485F3-27FC-4803-B090-70766D4837E1}.Debug|x86.Build.0 = Debug|Win32
		{774485F3-27FC-4803-B090-70766D4837E1}.Release|x64.ActiveCfg = Release|x64
		{774485F3-27FC-4803-B090-70766D4837E1}.Release|x64.Build.0 = Release|x64
		{774485F3-27FC-4803-B090-70766D4837E1}.Release|x86.ActiveCfg = Release|Win32
		{774485F3-27FC-4803-B090-70766D4837E1}.Release|x86.Build.0 = Release|Win32
	EndGlobalSection
	GlobalSection(SolutionProperties) = preSolution
		HideSolutionNode = FALSE
	EndGlobalSection
	GlobalSection(ExtensibilityGlobals) = postSolution
		SolutionGuid = {AFB433FF-2A1F-4801-8D13-3CF71612ED30}
	EndGlobalSection
EndGlobal
