
Microsoft Visual Studio Solution File, Format Version 9.00
# Visual Studio 2005
Project("{8BC9CEB8-8B4A-11D0-8D11-00A0C91BC942}") = "UtilLib", "UtilLib.vcproj", "{B1691340-D5A4-4E04-B121-4EEA7D7166BF}"
EndProject
Global
	GlobalSection(SolutionConfigurationPlatforms) = preSolution
		Debug|Win32 = Debug|Win32
		Release|Win32 = Release|Win32
	EndGlobalSection
	GlobalSection(ProjectConfigurationPlatforms) = postSolution
		{B1691340-D5A4-4E04-B121-4EEA7D7166BF}.Debug|Win32.ActiveCfg = Debug|Win32
		{B1691340-D5A4-4E04-B121-4EEA7D7166BF}.Debug|Win32.Build.0 = Debug|Win32
		{B1691340-D5A4-4E04-B121-4EEA7D7166BF}.Release|Win32.ActiveCfg = Release|Win32
		{B1691340-D5A4-4E04-B121-4EEA7D7166BF}.Release|Win32.Build.0 = Release|Win32
	EndGlobalSection
	GlobalSection(SolutionProperties) = preSolution
		HideSolutionNode = FALSE
	EndGlobalSection
EndGlobal
