
Microsoft Visual Studio Solution File, Format Version 12.00
# Visual Studio Version 16
VisualStudioVersion = 16.0.30804.86
MinimumVisualStudioVersion = 10.0.40219.1
Project("{8BC9CEB8-8B4A-11D0-8D11-00A0C91BC942}") = "CimFSAPI", "CimFSAPI.vcxproj", "{932B4BCF-24B7-49ED-81BB-C98A11D677D2}"
EndProject
Global
	GlobalSection(SolutionConfigurationPlatforms) = preSolution
		Debug|x64 = Debug|x64
		Debug|x86 = Debug|x86
		Release|x64 = Release|x64
		Release|x86 = Release|x86
	EndGlobalSection
	GlobalSection(ProjectConfigurationPlatforms) = postSolution
		{932B4BCF-24B7-49ED-81BB-C98A11D677D2}.Debug|x64.ActiveCfg = Debug|x64
		{932B4BCF-24B7-49ED-81BB-C98A11D677D2}.Debug|x64.Build.0 = Debug|x64
		{932B4BCF-24B7-49ED-81BB-C98A11D677D2}.Debug|x86.ActiveCfg = Debug|Win32
		{932B4BCF-24B7-49ED-81BB-C98A11D677D2}.Debug|x86.Build.0 = Debug|Win32
		{932B4BCF-24B7-49ED-81BB-C98A11D677D2}.Release|x64.ActiveCfg = Release|x64
		{932B4BCF-24B7-49ED-81BB-C98A11D677D2}.Release|x64.Build.0 = Release|x64
		{932B4BCF-24B7-49ED-81BB-C98A11D677D2}.Release|x86.ActiveCfg = Release|Win32
		{932B4BCF-24B7-49ED-81BB-C98A11D677D2}.Release|x86.Build.0 = Release|Win32
	EndGlobalSection
	GlobalSection(SolutionProperties) = preSolution
		HideSolutionNode = FALSE
	EndGlobalSection
	GlobalSection(ExtensibilityGlobals) = postSolution
		SolutionGuid = {145A7D39-4529-4222-99D9-2BD53954BC2B}
	EndGlobalSection
EndGlobal
